{
  "name": "@vaadin/vaadin-shrinkwrap",
  "version": "20.0.0-beta3",
  "lockfileVersion": 1,
  "requires": true,
  "dependencies": {
    "@polymer/iron-a11y-announcer": {
      "version": "3.0.2",
      "resolved": "https://registry.npmjs.org/@polymer/iron-a11y-announcer/-/iron-a11y-announcer-3.0.2.tgz",
      "integrity": "sha512-LqnMF39mXyxSSRbTHRzGbcJS8nU0NVTo2raBOgOlpxw5yfGJUVcwaTJ/qy5NtWCZLRfa4suycf0oAkuUjHTXHQ==",
      "requires": {
        "@polymer/polymer": "^3.0.0"
      }
    },
    "@polymer/iron-a11y-keys-behavior": {
      "version": "3.0.1",
      "resolved": "https://registry.npmjs.org/@polymer/iron-a11y-keys-behavior/-/iron-a11y-keys-behavior-3.0.1.tgz",
      "integrity": "sha512-lnrjKq3ysbBPT/74l0Fj0U9H9C35Tpw2C/tpJ8a+5g8Y3YJs1WSZYnEl1yOkw6sEyaxOq/1DkzH0+60gGu5/PQ==",
      "requires": {
        "@polymer/polymer": "^3.0.0"
      }
    },
    "@polymer/iron-fit-behavior": {
      "version": "3.0.2",
      "resolved": "https://registry.npmjs.org/@polymer/iron-fit-behavior/-/iron-fit-behavior-3.0.2.tgz",
      "integrity": "sha512-JndryJYbBR3gSN5IlST4rCHsd01+OyvYpRO6z5Zd3C6u5V/m07TwAtcf3aXwZ8WBNt2eLG28OcvdSO7XR2v2pg==",
      "requires": {
        "@polymer/polymer": "^3.0.0"
      }
    },
    "@polymer/iron-flex-layout": {
      "version": "3.0.1",
      "resolved": "https://registry.npmjs.org/@polymer/iron-flex-layout/-/iron-flex-layout-3.0.1.tgz",
      "integrity": "sha512-7gB869czArF+HZcPTVSgvA7tXYFze9EKckvM95NB7SqYF+NnsQyhoXgKnpFwGyo95lUjUW9TFDLUwDXnCYFtkw==",
      "requires": {
        "@polymer/polymer": "^3.0.0"
      }
    },
    "@polymer/iron-icon": {
      "version": "3.0.1",
      "resolved": "https://registry.npmjs.org/@polymer/iron-icon/-/iron-icon-3.0.1.tgz",
      "integrity": "sha512-QLPwirk+UPZNaLnMew9VludXA4CWUCenRewgEcGYwdzVgDPCDbXxy6vRJjmweZobMQv/oVLppT2JZtJFnPxX6g==",
      "requires": {
        "@polymer/iron-flex-layout": "^3.0.0-pre.26",
        "@polymer/iron-meta": "^3.0.0-pre.26",
        "@polymer/polymer": "^3.0.0"
      }
    },
    "@polymer/iron-iconset-svg": {
      "version": "3.0.1",
      "resolved": "https://registry.npmjs.org/@polymer/iron-iconset-svg/-/iron-iconset-svg-3.0.1.tgz",
      "integrity": "sha512-XNwURbNHRw6u2fJe05O5fMYye6GSgDlDqCO+q6K1zAnKIrpgZwf2vTkBd5uCcZwsN0FyCB3mvNZx4jkh85dRDw==",
      "requires": {
        "@polymer/iron-meta": "^3.0.0-pre.26",
        "@polymer/polymer": "^3.0.0"
      }
    },
    "@polymer/iron-list": {
      "version": "3.1.0",
      "resolved": "https://registry.npmjs.org/@polymer/iron-list/-/iron-list-3.1.0.tgz",
      "integrity": "sha512-Eiv6xd3h3oPmn8SXFntXVfC3ZnegH+KHAxiKLKcOASFSRY3mHnr2AdcnExUJ9ItoCMA5UzKaM/0U22eWzGERtA==",
      "requires": {
        "@polymer/iron-a11y-keys-behavior": "^3.0.0-pre.26",
        "@polymer/iron-resizable-behavior": "^3.0.0-pre.26",
        "@polymer/iron-scroll-target-behavior": "^3.0.0-pre.26",
        "@polymer/polymer": "^3.0.0"
      }
    },
    "@polymer/iron-media-query": {
      "version": "3.0.1",
      "resolved": "https://registry.npmjs.org/@polymer/iron-media-query/-/iron-media-query-3.0.1.tgz",
      "integrity": "sha512-czUX1pm1zfmfcZtq5J57XFkcobBv08Y50exp0/3v8Bos5VL/jv2tU0RwiTfDBxUMhjicGbgwEBFQPY2V5DMzyw==",
      "requires": {
        "@polymer/polymer": "^3.0.0"
      }
    },
    "@polymer/iron-meta": {
      "version": "3.0.1",
      "resolved": "https://registry.npmjs.org/@polymer/iron-meta/-/iron-meta-3.0.1.tgz",
      "integrity": "sha512-pWguPugiLYmWFV9UWxLWzZ6gm4wBwQdDy4VULKwdHCqR7OP7u98h+XDdGZsSlDPv6qoryV/e3tGHlTIT0mbzJA==",
      "requires": {
        "@polymer/polymer": "^3.0.0"
      }
    },
    "@polymer/iron-overlay-behavior": {
      "version": "3.0.3",
      "resolved": "https://registry.npmjs.org/@polymer/iron-overlay-behavior/-/iron-overlay-behavior-3.0.3.tgz",
      "integrity": "sha512-Q/Fp0+uOQQ145ebZ7T8Cxl4m1tUKYjyymkjcL2rXUm+aDQGb1wA1M1LYxUF5YBqd+9lipE0PTIiYwA2ZL/sznA==",
      "requires": {
        "@polymer/iron-a11y-keys-behavior": "^3.0.0-pre.26",
        "@polymer/iron-fit-behavior": "^3.0.0-pre.26",
        "@polymer/iron-resizable-behavior": "^3.0.0-pre.26",
        "@polymer/polymer": "^3.0.0"
      }
    },
    "@polymer/iron-resizable-behavior": {
      "version": "3.0.1",
      "resolved": "https://registry.npmjs.org/@polymer/iron-resizable-behavior/-/iron-resizable-behavior-3.0.1.tgz",
      "integrity": "sha512-FyHxRxFspVoRaeZSWpT3y0C9awomb4tXXolIJcZ7RvXhMP632V5lez+ch5G5SwK0LpnAPkg35eB0LPMFv+YMMQ==",
      "requires": {
        "@polymer/polymer": "^3.0.0"
      }
    },
    "@polymer/iron-scroll-target-behavior": {
      "version": "3.0.1",
      "resolved": "https://registry.npmjs.org/@polymer/iron-scroll-target-behavior/-/iron-scroll-target-behavior-3.0.1.tgz",
      "integrity": "sha512-xg1WanG25BIkQE8rhuReqY9zx1K5M7F+YAIYpswEp5eyDIaZ1Y3vUmVeQ3KG+hiSugzI1M752azXN7kvyhOBcQ==",
      "requires": {
        "@polymer/polymer": "^3.0.0"
      }
    },
    "@polymer/polymer": {
      "version": "3.1.0",
      "resolved": "https://registry.npmjs.org/@polymer/polymer/-/polymer-3.1.0.tgz",
      "integrity": "sha512-hwN8IMERsFATz/9dSMxYHL+84J9uBkPuuarxJWlTsppZ4CAYTZKnepBfNrKoyNsafBmA3yXBiiKPPf+fJtza7A==",
      "requires": {
        "@webcomponents/shadycss": "^1.5.2"
      }
    },
    "@vaadin/router": {
      "version": "1.7.4",
      "resolved": "https://registry.npmjs.org/@vaadin/router/-/router-1.7.4.tgz",
      "integrity": "sha512-B4JVtzFVUMlsjuJHNXEMfNZrM4QDrdeOMc6EEigiHYxwF82py6yDdP6SWP0aPoP3f6aQHt51tLWdXSpkKpWf7A==",
      "requires": {
        "@vaadin/vaadin-usage-statistics": "^2.1.0",
        "path-to-regexp": "2.4.0"
      }
    },
    "@vaadin/vaadin-accordion": {
      "version": "20.0.0-beta2",
      "resolved": "https://registry.npmjs.org/@vaadin/vaadin-accordion/-/vaadin-accordion-20.0.0-beta2.tgz",
      "integrity": "sha512-dn1onRqh1lk3GrYBvB7+eVBZ0qaEIHESCP8eLNFW2MbIeL0PdRwgNMtmHG6Md836aWF0G0W+WB7XSIVR+nvEmw==",
      "requires": {
        "@polymer/polymer": "^3.0.0",
        "@vaadin/vaadin-details": "^20.0.0-beta2",
        "@vaadin/vaadin-element-mixin": "^20.0.0-beta2",
        "@vaadin/vaadin-lumo-styles": "^20.0.0-beta2",
        "@vaadin/vaadin-material-styles": "^20.0.0-beta2",
        "@vaadin/vaadin-themable-mixin": "^20.0.0-beta2"
      }
    },
    "@vaadin/vaadin-app-layout": {
      "version": "20.0.0-beta2",
      "resolved": "https://registry.npmjs.org/@vaadin/vaadin-app-layout/-/vaadin-app-layout-20.0.0-beta2.tgz",
      "integrity": "sha512-oDlkvmhB4S6qxW97X9oAdwU5F6HKGx/6h6dJYL5T6y02z9FOaJE/SVxOSKBsRQXkebv8pd9S8A86F1/Vc2Sxow==",
      "requires": {
        "@polymer/polymer": "^3.0.0",
        "@vaadin/vaadin-button": "^20.0.0-beta2",
        "@vaadin/vaadin-element-mixin": "^20.0.0-beta2",
        "@vaadin/vaadin-lumo-styles": "^20.0.0-beta2",
        "@vaadin/vaadin-material-styles": "^20.0.0-beta2",
        "@vaadin/vaadin-themable-mixin": "^20.0.0-beta2"
      }
    },
    "@vaadin/vaadin-avatar": {
      "version": "20.0.0-beta2",
      "resolved": "https://registry.npmjs.org/@vaadin/vaadin-avatar/-/vaadin-avatar-20.0.0-beta2.tgz",
      "integrity": "sha512-Zw0HmGFy5BDu5d5LYZaWMD0dYwb7bfxCCbVNG9b/2rXACA3ZO85fu/9ZmYB70DO0SSE1PrxJ+SMb2gpdoXUstA==",
      "requires": {
        "@polymer/iron-a11y-announcer": "^3.0.0",
        "@polymer/iron-resizable-behavior": "^3.0.0",
        "@polymer/polymer": "^3.0.0",
        "@vaadin/vaadin-element-mixin": "^20.0.0-beta2",
        "@vaadin/vaadin-item": "^20.0.0-beta2",
        "@vaadin/vaadin-list-box": "^20.0.0-beta2",
        "@vaadin/vaadin-lumo-styles": "^20.0.0-beta2",
        "@vaadin/vaadin-material-styles": "^20.0.0-beta2",
        "@vaadin/vaadin-overlay": "^20.0.0-beta2",
        "@vaadin/vaadin-themable-mixin": "^20.0.0-beta2"
      }
    },
    "@vaadin/vaadin-board": {
      "version": "20.0.0-beta2",
      "resolved": "https://registry.npmjs.org/@vaadin/vaadin-board/-/vaadin-board-20.0.0-beta2.tgz",
      "integrity": "sha512-GWJP3ax6qyh71c7mzoox6rTSFFTp3CgZ0vBvJmqF3aeyoBrX6ELlo4bqmxPu0KxtbXCK2QEqE8f+s9f+WOS2rw==",
      "requires": {
        "@polymer/iron-resizable-behavior": "^3.0.0",
        "@polymer/polymer": "^3.0.0",
        "@vaadin/vaadin-element-mixin": "^20.0.0-beta2",
        "@vaadin/vaadin-license-checker": "^2.1.0"
      }
    },
    "@vaadin/vaadin-button": {
      "version": "20.0.0-beta2",
      "resolved": "https://registry.npmjs.org/@vaadin/vaadin-button/-/vaadin-button-20.0.0-beta2.tgz",
      "integrity": "sha512-ds6EJxK1BbL9Js8+33gBce2iBMplnN5S1rddjjEQu3FBUGNyTWCm0u8UVhLn0JJAowhS+joR+HMIVCLRbp9dEQ==",
      "requires": {
        "@polymer/polymer": "^3.0.0",
        "@vaadin/vaadin-control-state-mixin": "^20.0.0-beta2",
        "@vaadin/vaadin-element-mixin": "^20.0.0-beta2",
        "@vaadin/vaadin-lumo-styles": "^20.0.0-beta2",
        "@vaadin/vaadin-material-styles": "^20.0.0-beta2",
        "@vaadin/vaadin-themable-mixin": "^20.0.0-beta2"
      }
    },
    "@vaadin/vaadin-charts": {
      "version": "20.0.0-beta2",
      "resolved": "https://registry.npmjs.org/@vaadin/vaadin-charts/-/vaadin-charts-20.0.0-beta2.tgz",
      "integrity": "sha512-Ie+2DjfZ+wzmwjAm46/AFh2FJ9cbHOfDBdJNKy+r1SOS31t4dXek2KtpjPiFrh/6oeN55YM5ifYk05Q9c6qn9g==",
      "requires": {
        "@polymer/polymer": "^3.0.0",
        "@vaadin/vaadin-element-mixin": "^20.0.0-beta2",
        "@vaadin/vaadin-license-checker": "^2.1.0",
        "@vaadin/vaadin-themable-mixin": "^20.0.0-beta2",
        "highcharts": "8.1.2"
      }
    },
    "@vaadin/vaadin-checkbox": {
      "version": "20.0.0-beta2",
      "resolved": "https://registry.npmjs.org/@vaadin/vaadin-checkbox/-/vaadin-checkbox-20.0.0-beta2.tgz",
      "integrity": "sha512-/XBpw87Bkl/BTM3NwJCoqsukumIgk0jMs8epnlyw0H7TKQwNf5hMv1uJdQLNkGs9bAP3/31XJXkBhzrl9oovGg==",
      "requires": {
        "@polymer/polymer": "^3.0.0",
        "@vaadin/vaadin-control-state-mixin": "^20.0.0-beta2",
        "@vaadin/vaadin-element-mixin": "^20.0.0-beta2",
        "@vaadin/vaadin-lumo-styles": "^20.0.0-beta2",
        "@vaadin/vaadin-material-styles": "^20.0.0-beta2",
        "@vaadin/vaadin-themable-mixin": "^20.0.0-beta2"
      }
    },
    "@vaadin/vaadin-combo-box": {
      "version": "20.0.0-beta2",
      "resolved": "https://registry.npmjs.org/@vaadin/vaadin-combo-box/-/vaadin-combo-box-20.0.0-beta2.tgz",
      "integrity": "sha512-madJCNuY2zzRfSrdzRktsEE1LC/gpY/1Lej8ZAy4mYMP8vVPSY0yLqPAv5xBwpBokY28nI81NX1szcon0Vd2mg==",
      "requires": {
        "@polymer/iron-a11y-announcer": "^3.0.0",
        "@polymer/iron-list": "^3.0.0",
        "@polymer/iron-resizable-behavior": "^3.0.0",
        "@polymer/polymer": "^3.0.0",
        "@vaadin/vaadin-control-state-mixin": "^20.0.0-beta2",
        "@vaadin/vaadin-element-mixin": "^20.0.0-beta2",
        "@vaadin/vaadin-item": "^20.0.0-beta2",
        "@vaadin/vaadin-lumo-styles": "^20.0.0-beta2",
        "@vaadin/vaadin-material-styles": "^20.0.0-beta2",
        "@vaadin/vaadin-overlay": "^20.0.0-beta2",
        "@vaadin/vaadin-text-field": "^20.0.0-beta2",
        "@vaadin/vaadin-themable-mixin": "^20.0.0-beta2"
      }
    },
    "@vaadin/vaadin-confirm-dialog": {
      "version": "20.0.0-beta2",
      "resolved": "https://registry.npmjs.org/@vaadin/vaadin-confirm-dialog/-/vaadin-confirm-dialog-20.0.0-beta2.tgz",
      "integrity": "sha512-TOYeBVlmo0ku4W3BT+XJt1JaoI1zEa/LZWPZmCQxiIUjW8y3DZOk58X+kmKqZwLO+nzS8tafIZ64nFbd1BHbDQ==",
      "requires": {
        "@polymer/polymer": "^3.0.0",
        "@vaadin/vaadin-button": "^20.0.0-beta2",
        "@vaadin/vaadin-dialog": "^20.0.0-beta2",
        "@vaadin/vaadin-element-mixin": "^20.0.0-beta2",
        "@vaadin/vaadin-license-checker": "^2.1.0",
        "@vaadin/vaadin-lumo-styles": "^20.0.0-beta2",
        "@vaadin/vaadin-material-styles": "^20.0.0-beta2",
        "@vaadin/vaadin-overlay": "^20.0.0-beta2",
        "@vaadin/vaadin-themable-mixin": "^20.0.0-beta2"
      }
    },
    "@vaadin/vaadin-context-menu": {
      "version": "20.0.0-beta2",
      "resolved": "https://registry.npmjs.org/@vaadin/vaadin-context-menu/-/vaadin-context-menu-20.0.0-beta2.tgz",
      "integrity": "sha512-xSbzB/KaNqN8mPOfIFwmki8t3QyNh96EE54LDWBbSbev+8JxSGYK1ov5e1eAhR592PAMcKxiGiI+nymZFlVWCw==",
      "requires": {
        "@polymer/iron-media-query": "^3.0.0",
        "@polymer/polymer": "^3.0.0",
        "@vaadin/vaadin-element-mixin": "^20.0.0-beta2",
        "@vaadin/vaadin-item": "^20.0.0-beta2",
        "@vaadin/vaadin-list-box": "^20.0.0-beta2",
        "@vaadin/vaadin-lumo-styles": "^20.0.0-beta2",
        "@vaadin/vaadin-material-styles": "^20.0.0-beta2",
        "@vaadin/vaadin-overlay": "^20.0.0-beta2",
        "@vaadin/vaadin-themable-mixin": "^20.0.0-beta2"
      }
    },
    "@vaadin/vaadin-control-state-mixin": {
      "version": "20.0.0-beta2",
      "resolved": "https://registry.npmjs.org/@vaadin/vaadin-control-state-mixin/-/vaadin-control-state-mixin-20.0.0-beta2.tgz",
      "integrity": "sha512-R9qTELhwIHLVQDV8sp8opvg/6yLk1Py9IYyyQr5+QPcVkVeL5+uLHPf7we+FJ05f8Fp1Lia0DiJjup/EWgfGpw==",
      "requires": {
        "@polymer/polymer": "^3.0.0"
      }
    },
    "@vaadin/vaadin-cookie-consent": {
      "version": "20.0.0-beta2",
      "resolved": "https://registry.npmjs.org/@vaadin/vaadin-cookie-consent/-/vaadin-cookie-consent-20.0.0-beta2.tgz",
      "integrity": "sha512-FEl7xJUGuFhWxtBLO16dHyqhlddx10TRRft5iMh+zTGkxdF9j5tP5j3zmllFqms0VPb9X/itjbeWgHQyvPDBGw==",
      "requires": {
        "@polymer/polymer": "^3.0.0",
        "@vaadin/vaadin-element-mixin": "^20.0.0-beta2",
        "@vaadin/vaadin-license-checker": "^2.1.0",
        "@vaadin/vaadin-lumo-styles": "^20.0.0-beta2",
        "@vaadin/vaadin-material-styles": "^20.0.0-beta2",
        "cookieconsent": "^3.0.6"
      }
    },
    "@vaadin/vaadin-crud": {
      "version": "20.0.0-beta2",
      "resolved": "https://registry.npmjs.org/@vaadin/vaadin-crud/-/vaadin-crud-20.0.0-beta2.tgz",
      "integrity": "sha512-zqv4mbTmldtaYzVPAm5CZdHmjmV8kQTWdp5+Djrv/x3ThQ7ei2BTeE77pHjSP+beWCBMuWxcbyMTxnipiHbqTg==",
      "requires": {
        "@polymer/iron-media-query": "^3.0.0",
        "@polymer/polymer": "^3.0.0",
        "@vaadin/vaadin-button": "^20.0.0-beta2",
        "@vaadin/vaadin-confirm-dialog": "^20.0.0-beta2",
        "@vaadin/vaadin-dialog": "^20.0.0-beta2",
        "@vaadin/vaadin-element-mixin": "^20.0.0-beta2",
        "@vaadin/vaadin-form-layout": "^20.0.0-beta2",
        "@vaadin/vaadin-grid": "^20.0.0-beta2",
        "@vaadin/vaadin-license-checker": "^2.1.0",
        "@vaadin/vaadin-lumo-styles": "^20.0.0-beta2",
        "@vaadin/vaadin-material-styles": "^20.0.0-beta2",
        "@vaadin/vaadin-text-field": "^20.0.0-beta2",
        "@vaadin/vaadin-themable-mixin": "^20.0.0-beta2"
      }
    },
    "@vaadin/vaadin-custom-field": {
      "version": "20.0.0-beta2",
      "resolved": "https://registry.npmjs.org/@vaadin/vaadin-custom-field/-/vaadin-custom-field-20.0.0-beta2.tgz",
      "integrity": "sha512-DmUOvVMv9a5sm9hC3O2pLHxYLFwD4SaGHvdKDmCJXtTgML3Q0biTgm0NYvspmaNhMrMG3nKhu9F+Gqqbqn+ivw==",
      "requires": {
        "@polymer/polymer": "^3.0.0",
        "@vaadin/vaadin-element-mixin": "^20.0.0-beta2",
        "@vaadin/vaadin-lumo-styles": "^20.0.0-beta2",
        "@vaadin/vaadin-material-styles": "^20.0.0-beta2",
        "@vaadin/vaadin-themable-mixin": "^20.0.0-beta2"
      }
    },
    "@vaadin/vaadin-date-picker": {
      "version": "20.0.0-beta2",
      "resolved": "https://registry.npmjs.org/@vaadin/vaadin-date-picker/-/vaadin-date-picker-20.0.0-beta2.tgz",
      "integrity": "sha512-tYfgcv33PIdP3sz96LSPr/QZqGMUmzovSsnIPu54lAZJo9zZA6J6XTnB0QLfcvvXAoohlNR0TYuTCSfnXI1anA==",
      "requires": {
        "@polymer/iron-a11y-announcer": "^3.0.0",
        "@polymer/iron-a11y-keys-behavior": "^3.0.0",
        "@polymer/iron-media-query": "^3.0.0",
        "@polymer/iron-resizable-behavior": "^3.0.0",
        "@polymer/polymer": "^3.2.0",
        "@vaadin/vaadin-button": "^20.0.0-beta2",
        "@vaadin/vaadin-control-state-mixin": "^20.0.0-beta2",
        "@vaadin/vaadin-element-mixin": "^20.0.0-beta2",
        "@vaadin/vaadin-lumo-styles": "^20.0.0-beta2",
        "@vaadin/vaadin-material-styles": "^20.0.0-beta2",
        "@vaadin/vaadin-overlay": "^20.0.0-beta2",
        "@vaadin/vaadin-text-field": "^20.0.0-beta2",
        "@vaadin/vaadin-themable-mixin": "^20.0.0-beta2"
      },
      "dependencies": {
        "@polymer/polymer": {
          "version": "3.4.1",
          "resolved": "https://registry.npmjs.org/@polymer/polymer/-/polymer-3.4.1.tgz",
          "integrity": "sha512-KPWnhDZibtqKrUz7enIPOiO4ZQoJNOuLwqrhV2MXzIt3VVnUVJVG5ORz4Z2sgO+UZ+/UZnPD0jqY+jmw/+a9mQ==",
          "requires": {
            "@webcomponents/shadycss": "^1.9.1"
          }
        }
      }
    },
    "@vaadin/vaadin-date-time-picker": {
      "version": "20.0.0-beta2",
      "resolved": "https://registry.npmjs.org/@vaadin/vaadin-date-time-picker/-/vaadin-date-time-picker-20.0.0-beta2.tgz",
      "integrity": "sha512-KjqtwkD5Y3+dLZtYQasGQZo+tSzXnoBYsTeDJTDrO6fYy2XWw53M0TNck53WPfWL5fOs90mbXAPDPupnrwGd2g==",
      "requires": {
        "@polymer/polymer": "^3.0.0",
        "@vaadin/vaadin-custom-field": "^20.0.0-beta2",
        "@vaadin/vaadin-date-picker": "^20.0.0-beta2",
        "@vaadin/vaadin-element-mixin": "^20.0.0-beta2",
        "@vaadin/vaadin-lumo-styles": "^20.0.0-beta2",
        "@vaadin/vaadin-material-styles": "^20.0.0-beta2",
        "@vaadin/vaadin-themable-mixin": "^20.0.0-beta2",
        "@vaadin/vaadin-time-picker": "^20.0.0-beta2"
      }
    },
    "@vaadin/vaadin-details": {
      "version": "20.0.0-beta2",
      "resolved": "https://registry.npmjs.org/@vaadin/vaadin-details/-/vaadin-details-20.0.0-beta2.tgz",
      "integrity": "sha512-NnuP5o+8V5Oqg1zTjcbm57deJZ0YuEJ7N6mSGx+JeJr6kf2+alPXqyCMbqhlvrfX2066j0wWsJQU3goOlwuVCg==",
      "requires": {
        "@polymer/polymer": "^3.0.0",
        "@vaadin/vaadin-control-state-mixin": "^20.0.0-beta2",
        "@vaadin/vaadin-element-mixin": "^20.0.0-beta2",
        "@vaadin/vaadin-lumo-styles": "^20.0.0-beta2",
        "@vaadin/vaadin-material-styles": "^20.0.0-beta2",
        "@vaadin/vaadin-themable-mixin": "^20.0.0-beta2"
      }
    },
    "@vaadin/vaadin-development-mode-detector": {
      "version": "2.0.4",
      "resolved": "https://registry.npmjs.org/@vaadin/vaadin-development-mode-detector/-/vaadin-development-mode-detector-2.0.4.tgz",
      "integrity": "sha512-S+PaFrZpK8uBIOnIHxjntTrgumd5ztuCnZww96ydGKXgo9whXfZsbMwDuD/102a/IuPUMyF+dh/n3PbWzJ6igA=="
    },
    "@vaadin/vaadin-dialog": {
      "version": "20.0.0-beta2",
      "resolved": "https://registry.npmjs.org/@vaadin/vaadin-dialog/-/vaadin-dialog-20.0.0-beta2.tgz",
      "integrity": "sha512-D7GuXie82KOSjWB5/YKfAKld15q/Opc5M9RgUr71q0QpEJkIdVxoV6Qmo8YYAO1D7RV4moqMdXX/CalgmQEm+w==",
      "requires": {
        "@polymer/iron-resizable-behavior": "^3.0.0",
        "@polymer/polymer": "^3.0.0",
        "@vaadin/vaadin-element-mixin": "^20.0.0-beta2",
        "@vaadin/vaadin-lumo-styles": "^20.0.0-beta2",
        "@vaadin/vaadin-material-styles": "^20.0.0-beta2",
        "@vaadin/vaadin-overlay": "^20.0.0-beta2",
        "@vaadin/vaadin-themable-mixin": "^20.0.0-beta2"
      }
    },
    "@vaadin/vaadin-element-mixin": {
      "version": "20.0.0-beta2",
      "resolved": "https://registry.npmjs.org/@vaadin/vaadin-element-mixin/-/vaadin-element-mixin-20.0.0-beta2.tgz",
      "integrity": "sha512-HMaoz5HVnNqORGk+O7Tlo7uiK9dRR66cQ4Oex87kNGHoCVMpx/cHAKZdMlj0FLKs5sX0mAnQWJVkPmNUQb0bgA==",
      "requires": {
        "@polymer/polymer": "^3.0.0",
        "@vaadin/vaadin-development-mode-detector": "^2.0.0",
        "@vaadin/vaadin-usage-statistics": "^2.1.0"
      }
    },
    "@vaadin/vaadin-form-layout": {
      "version": "20.0.0-beta2",
      "resolved": "https://registry.npmjs.org/@vaadin/vaadin-form-layout/-/vaadin-form-layout-20.0.0-beta2.tgz",
      "integrity": "sha512-An3E1n3M/iTQAH8pJA7xk5lZ2wgNGyx95ZHJ/Zg2cY/DCGIvCaAx5F7t33HVD5jEJUV+OIChobmBH6fauSflWg==",
      "requires": {
        "@polymer/iron-resizable-behavior": "^3.0.0",
        "@polymer/polymer": "^3.0.0",
        "@vaadin/vaadin-element-mixin": "^20.0.0-beta2",
        "@vaadin/vaadin-lumo-styles": "^20.0.0-beta2",
        "@vaadin/vaadin-material-styles": "^20.0.0-beta2",
        "@vaadin/vaadin-themable-mixin": "^20.0.0-beta2"
      }
    },
    "@vaadin/vaadin-grid": {
      "version": "20.0.0-beta2",
      "resolved": "https://registry.npmjs.org/@vaadin/vaadin-grid/-/vaadin-grid-20.0.0-beta2.tgz",
      "integrity": "sha512-bI1C0UM5TQ+4S0Y79y+lvlwp+oOh1kuFHulNRLGhslwWpTgGhnMRzLliCqXnT81nPEWwkbi2Jnkhv1Nvc1fsWw==",
      "requires": {
        "@polymer/iron-resizable-behavior": "^3.0.0",
        "@polymer/iron-scroll-target-behavior": "^3.0.0",
        "@polymer/polymer": "^3.0.0",
        "@vaadin/vaadin-checkbox": "^20.0.0-beta2",
        "@vaadin/vaadin-element-mixin": "^20.0.0-beta2",
        "@vaadin/vaadin-lumo-styles": "^20.0.0-beta2",
        "@vaadin/vaadin-material-styles": "^20.0.0-beta2",
        "@vaadin/vaadin-text-field": "^20.0.0-beta2",
        "@vaadin/vaadin-themable-mixin": "^20.0.0-beta2"
      }
    },
    "@vaadin/vaadin-grid-pro": {
      "version": "20.0.0-beta2",
      "resolved": "https://registry.npmjs.org/@vaadin/vaadin-grid-pro/-/vaadin-grid-pro-20.0.0-beta2.tgz",
      "integrity": "sha512-v/AlU94jyAu8lhrJOn4E/btfqxXc7Iv0x1wXJwucJZtNRGfbzjfn3Xz1A7w8v6LPorBG0tbVe1BHS4fMHwFl4Q==",
      "requires": {
        "@polymer/polymer": "^3.0.0",
        "@vaadin/vaadin-checkbox": "^20.0.0-beta2",
        "@vaadin/vaadin-element-mixin": "^20.0.0-beta2",
        "@vaadin/vaadin-grid": "^20.0.0-beta2",
        "@vaadin/vaadin-item": "^20.0.0-beta2",
        "@vaadin/vaadin-license-checker": "^2.1.0",
        "@vaadin/vaadin-list-box": "^20.0.0-beta2",
        "@vaadin/vaadin-lumo-styles": "^20.0.0-beta2",
        "@vaadin/vaadin-material-styles": "^20.0.0-beta2",
        "@vaadin/vaadin-select": "^20.0.0-beta2",
        "@vaadin/vaadin-text-field": "^20.0.0-beta2",
        "@vaadin/vaadin-themable-mixin": "^20.0.0-beta2"
      }
    },
    "@vaadin/vaadin-icons": {
      "version": "20.0.0-beta2",
      "resolved": "https://registry.npmjs.org/@vaadin/vaadin-icons/-/vaadin-icons-20.0.0-beta2.tgz",
      "integrity": "sha512-A2I4gcJq9SvbnW7mfLXmf5leyS3tqjRN9qLETD12DgVe9JmBv7zij96Po7jZ0imJyDMqy9Z548di3p6BempFXQ==",
      "requires": {
        "@polymer/iron-icon": "^3.0.0",
        "@polymer/iron-iconset-svg": "^3.0.0",
        "@polymer/polymer": "^3.0.0"
      }
    },
    "@vaadin/vaadin-item": {
      "version": "20.0.0-beta2",
      "resolved": "https://registry.npmjs.org/@vaadin/vaadin-item/-/vaadin-item-20.0.0-beta2.tgz",
      "integrity": "sha512-JupJGT4xlLMakYf3TpgKKkfN3RZpex5cijQSQvygtsq+j3Jg5bsRuFH1u1TRRAQ7+KYlcbfRgiAoStd4U8bO4g==",
      "requires": {
        "@polymer/polymer": "^3.0.0",
        "@vaadin/vaadin-element-mixin": "^20.0.0-beta2",
        "@vaadin/vaadin-lumo-styles": "^20.0.0-beta2",
        "@vaadin/vaadin-material-styles": "^20.0.0-beta2",
        "@vaadin/vaadin-themable-mixin": "^20.0.0-beta2"
      }
    },
    "@vaadin/vaadin-license-checker": {
      "version": "2.1.2",
      "resolved": "https://registry.npmjs.org/@vaadin/vaadin-license-checker/-/vaadin-license-checker-2.1.2.tgz",
      "integrity": "sha512-oD6/MoavXyIZp6NWhkbJD5RKrpiWohhaQpgqjM0bFIthRr+1NoiG5R1w0uY3NIdMDuaXlsUFSQJ/Viz1v7F/jQ==",
      "requires": {
        "@vaadin/vaadin-development-mode-detector": "^2.0.0"
      }
    },
    "@vaadin/vaadin-list-box": {
      "version": "20.0.0-beta2",
      "resolved": "https://registry.npmjs.org/@vaadin/vaadin-list-box/-/vaadin-list-box-20.0.0-beta2.tgz",
      "integrity": "sha512-T71begaKqjbOAxVkkl3msJfw8zsI5/iTD2iA8jgVebyFULcYj6GoLxveHmIKsJzEVa4+9axznnmJXY5MqL7KKQ==",
      "requires": {
        "@polymer/polymer": "^3.0.0",
        "@vaadin/vaadin-element-mixin": "^20.0.0-beta2",
        "@vaadin/vaadin-item": "^20.0.0-beta2",
        "@vaadin/vaadin-list-mixin": "^20.0.0-beta2",
        "@vaadin/vaadin-lumo-styles": "^20.0.0-beta2",
        "@vaadin/vaadin-material-styles": "^20.0.0-beta2",
        "@vaadin/vaadin-themable-mixin": "^20.0.0-beta2"
      }
    },
    "@vaadin/vaadin-list-mixin": {
      "version": "20.0.0-beta2",
      "resolved": "https://registry.npmjs.org/@vaadin/vaadin-list-mixin/-/vaadin-list-mixin-20.0.0-beta2.tgz",
      "integrity": "sha512-6jsF9W+6gKYl1I3RukU7/iQHWwf42k35GRizUCcTEqt02ySJOH4A+mJotx9ktKJ22LBxn5FZaN5S0SHU+SQq0g==",
      "requires": {
        "@polymer/polymer": "^3.0.0",
        "@vaadin/vaadin-element-mixin": "^20.0.0-beta2"
      }
    },
    "@vaadin/vaadin-login": {
      "version": "20.0.0-beta2",
      "resolved": "https://registry.npmjs.org/@vaadin/vaadin-login/-/vaadin-login-20.0.0-beta2.tgz",
      "integrity": "sha512-nQpLj5slIbi18hQWHsP5sA5lAq7ice7u0PmfuUrbFdHTtLKFsBHUjZ+qlFq30wkoEAzQXnVNlLBLJEMfV5pydg==",
      "requires": {
        "@polymer/polymer": "^3.0.0",
        "@vaadin/vaadin-button": "^20.0.0-beta2",
        "@vaadin/vaadin-element-mixin": "^20.0.0-beta2",
        "@vaadin/vaadin-lumo-styles": "^20.0.0-beta2",
        "@vaadin/vaadin-material-styles": "^20.0.0-beta2",
        "@vaadin/vaadin-overlay": "^20.0.0-beta2",
        "@vaadin/vaadin-text-field": "^20.0.0-beta2",
        "@vaadin/vaadin-themable-mixin": "^20.0.0-beta2"
      }
    },
    "@vaadin/vaadin-lumo-styles": {
      "version": "20.0.0-beta2",
      "resolved": "https://registry.npmjs.org/@vaadin/vaadin-lumo-styles/-/vaadin-lumo-styles-20.0.0-beta2.tgz",
      "integrity": "sha512-W5sN+QpWsqSagEBlthEQhYDhr/uYgIBytKvROpiX+LYuK60rGMB0NFwDZMpdxdO4/InHDQu3mMRBZX2CB6sttQ==",
      "requires": {
        "@polymer/iron-icon": "^3.0.0",
        "@polymer/iron-iconset-svg": "^3.0.0",
        "@polymer/polymer": "^3.0.0",
        "@vaadin/vaadin-themable-mixin": "^20.0.0-beta2"
      }
    },
    "@vaadin/vaadin-material-styles": {
      "version": "20.0.0-beta2",
      "resolved": "https://registry.npmjs.org/@vaadin/vaadin-material-styles/-/vaadin-material-styles-20.0.0-beta2.tgz",
      "integrity": "sha512-iCt+jynKwCXrlYLk2aH6g4VyRHLvg5rDDzBKV2IGneTWFqRnNWrE73BjeDaLCcU81+LhTyT/Iope2CagCy6HYg==",
      "requires": {
        "@polymer/polymer": "^3.0.0",
        "@vaadin/vaadin-themable-mixin": "^20.0.0-beta2"
      }
    },
    "@vaadin/vaadin-menu-bar": {
      "version": "20.0.0-beta2",
      "resolved": "https://registry.npmjs.org/@vaadin/vaadin-menu-bar/-/vaadin-menu-bar-20.0.0-beta2.tgz",
      "integrity": "sha512-bbT8LN0z7l8UR/NpF+f0ZlL+30R/DlqfenaQfrtrc4knZVYMSfQ5EqXu8nDCpd5fAvBlGXV2XDikr0zPb7Xq4A==",
      "requires": {
        "@polymer/iron-resizable-behavior": "^3.0.0",
        "@polymer/polymer": "^3.0.0",
        "@vaadin/vaadin-button": "^20.0.0-beta2",
        "@vaadin/vaadin-context-menu": "^20.0.0-beta2",
        "@vaadin/vaadin-element-mixin": "^20.0.0-beta2",
        "@vaadin/vaadin-lumo-styles": "^20.0.0-beta2",
        "@vaadin/vaadin-material-styles": "^20.0.0-beta2",
        "@vaadin/vaadin-themable-mixin": "^20.0.0-beta2"
      }
    },
    "@vaadin/vaadin-messages": {
      "version": "20.0.0-beta2",
      "resolved": "https://registry.npmjs.org/@vaadin/vaadin-messages/-/vaadin-messages-20.0.0-beta2.tgz",
      "integrity": "sha512-75on394luM7XtzyK7ldWJ1aOB+MziDkPRUoFUY73qzcBzcwFEcD7FQeWzDRxXSEaQl3zeQh8et6jVKLUTlWTsw==",
      "requires": {
        "@polymer/polymer": "^3.0.0",
        "@vaadin/vaadin-avatar": "^20.0.0-beta2",
        "@vaadin/vaadin-button": "^20.0.0-beta2",
        "@vaadin/vaadin-element-mixin": "^20.0.0-beta2",
        "@vaadin/vaadin-lumo-styles": "^20.0.0-beta2",
        "@vaadin/vaadin-material-styles": "^20.0.0-beta2",
        "@vaadin/vaadin-text-field": "^20.0.0-beta2",
        "@vaadin/vaadin-themable-mixin": "^20.0.0-beta2"
      }
    },
    "@vaadin/vaadin-notification": {
      "version": "20.0.0-beta2",
      "resolved": "https://registry.npmjs.org/@vaadin/vaadin-notification/-/vaadin-notification-20.0.0-beta2.tgz",
      "integrity": "sha512-Bac08V3zdG7h/e4470EDuPSlMWSRoPA1ZPUw1tNFjyd+cSXDNOwHn6TguDieyaPKnTROog+W76fvGz7wh9O2sA==",
      "requires": {
        "@polymer/polymer": "^3.0.0",
        "@vaadin/vaadin-element-mixin": "^20.0.0-beta2",
        "@vaadin/vaadin-lumo-styles": "^20.0.0-beta2",
        "@vaadin/vaadin-material-styles": "^20.0.0-beta2",
        "@vaadin/vaadin-themable-mixin": "^20.0.0-beta2"
      }
    },
    "@vaadin/vaadin-ordered-layout": {
      "version": "20.0.0-beta2",
      "resolved": "https://registry.npmjs.org/@vaadin/vaadin-ordered-layout/-/vaadin-ordered-layout-20.0.0-beta2.tgz",
      "integrity": "sha512-SEC9C91RrYQ9EZjUyLNjCnH2E9wWbrqt2rCblFC0YGpEYT+8fOyc89LZiXWT/1XaZnKufhUuYY+drpihHTA8WA==",
      "requires": {
        "@polymer/polymer": "^3.0.0",
        "@vaadin/vaadin-element-mixin": "^20.0.0-beta2",
        "@vaadin/vaadin-lumo-styles": "^20.0.0-beta2",
        "@vaadin/vaadin-material-styles": "^20.0.0-beta2",
        "@vaadin/vaadin-themable-mixin": "^20.0.0-beta2"
      }
    },
    "@vaadin/vaadin-overlay": {
      "version": "20.0.0-beta2",
      "resolved": "https://registry.npmjs.org/@vaadin/vaadin-overlay/-/vaadin-overlay-20.0.0-beta2.tgz",
      "integrity": "sha512-BdOypiBrtzpzhdDAADHM6eAPFu7yaJPpGTTntSbUB8cE3QyieQC9nFnB0fIK68MfHr8+W5SyhGvcUoP0kCCJgA==",
      "requires": {
        "@polymer/polymer": "^3.0.0",
        "@vaadin/vaadin-element-mixin": "^20.0.0-beta2",
        "@vaadin/vaadin-lumo-styles": "^20.0.0-beta2",
        "@vaadin/vaadin-material-styles": "^20.0.0-beta2",
        "@vaadin/vaadin-themable-mixin": "^20.0.0-beta2"
      }
    },
    "@vaadin/vaadin-progress-bar": {
      "version": "20.0.0-beta2",
      "resolved": "https://registry.npmjs.org/@vaadin/vaadin-progress-bar/-/vaadin-progress-bar-20.0.0-beta2.tgz",
      "integrity": "sha512-QKCLtHvBmehyrdbAXFzhhGd99WvIjTViaaTOGirUSIJfJISRHFNSQ3+H7JyVdYw5IyVedKn6KUGz7mndP47jxg==",
      "requires": {
        "@polymer/polymer": "^3.0.0",
        "@vaadin/vaadin-element-mixin": "^20.0.0-beta2",
        "@vaadin/vaadin-lumo-styles": "^20.0.0-beta2",
        "@vaadin/vaadin-material-styles": "^20.0.0-beta2",
        "@vaadin/vaadin-themable-mixin": "^20.0.0-beta2"
      }
    },
    "@vaadin/vaadin-radio-button": {
      "version": "20.0.0-beta2",
      "resolved": "https://registry.npmjs.org/@vaadin/vaadin-radio-button/-/vaadin-radio-button-20.0.0-beta2.tgz",
      "integrity": "sha512-viyPTB0cTu/l7krfREVGNGQ52EAUoDs7ddqLjRe31l9n7Ne29/feZVs8sW8CZeke0pcw2Sjl6WdiI+sK6Ei5Rw==",
      "requires": {
        "@polymer/polymer": "^3.0.0",
        "@vaadin/vaadin-control-state-mixin": "^20.0.0-beta2",
        "@vaadin/vaadin-element-mixin": "^20.0.0-beta2",
        "@vaadin/vaadin-lumo-styles": "^20.0.0-beta2",
        "@vaadin/vaadin-material-styles": "^20.0.0-beta2",
        "@vaadin/vaadin-themable-mixin": "^20.0.0-beta2"
      }
    },
    "@vaadin/vaadin-rich-text-editor": {
      "version": "20.0.0-beta2",
      "resolved": "https://registry.npmjs.org/@vaadin/vaadin-rich-text-editor/-/vaadin-rich-text-editor-20.0.0-beta2.tgz",
      "integrity": "sha512-xQ7QBQ0aXmhdi5wpNm5w0OVCk1OHeY6RR2lwiuUd+VGGBRXHU7c4cg2pF7u2ASVghBGZg5Ug/YO+URBlWBPi7w==",
      "requires": {
        "@polymer/polymer": "^3.0.0",
        "@vaadin/vaadin-button": "^20.0.0-beta2",
        "@vaadin/vaadin-confirm-dialog": "^20.0.0-beta2",
        "@vaadin/vaadin-element-mixin": "^20.0.0-beta2",
        "@vaadin/vaadin-license-checker": "^2.1.0",
        "@vaadin/vaadin-lumo-styles": "^20.0.0-beta2",
        "@vaadin/vaadin-material-styles": "^20.0.0-beta2",
        "@vaadin/vaadin-text-field": "^20.0.0-beta2",
        "@vaadin/vaadin-themable-mixin": "^20.0.0-beta2"
      }
    },
    "@vaadin/vaadin-select": {
      "version": "20.0.0-beta2",
      "resolved": "https://registry.npmjs.org/@vaadin/vaadin-select/-/vaadin-select-20.0.0-beta2.tgz",
      "integrity": "sha512-70qFtL1McfMWjc4P7pfALLbfwVgtEPH5qLkF6A2B+Ff+OqyVPbJ5W81DSc8E4384Np4KW0aC7tZqZM69zQWbVQ==",
      "requires": {
        "@polymer/iron-media-query": "^3.0.0",
        "@polymer/iron-resizable-behavior": "^3.0.0",
        "@polymer/polymer": "^3.2.0",
        "@vaadin/vaadin-control-state-mixin": "^20.0.0-beta2",
        "@vaadin/vaadin-element-mixin": "^20.0.0-beta2",
        "@vaadin/vaadin-item": "^20.0.0-beta2",
        "@vaadin/vaadin-list-box": "^20.0.0-beta2",
        "@vaadin/vaadin-list-mixin": "^20.0.0-beta2",
        "@vaadin/vaadin-lumo-styles": "^20.0.0-beta2",
        "@vaadin/vaadin-material-styles": "^20.0.0-beta2",
        "@vaadin/vaadin-overlay": "^20.0.0-beta2",
        "@vaadin/vaadin-text-field": "^20.0.0-beta2",
        "@vaadin/vaadin-themable-mixin": "^20.0.0-beta2"
      },
      "dependencies": {
        "@polymer/polymer": {
          "version": "3.4.1",
          "resolved": "https://registry.npmjs.org/@polymer/polymer/-/polymer-3.4.1.tgz",
          "integrity": "sha512-KPWnhDZibtqKrUz7enIPOiO4ZQoJNOuLwqrhV2MXzIt3VVnUVJVG5ORz4Z2sgO+UZ+/UZnPD0jqY+jmw/+a9mQ==",
          "requires": {
            "@webcomponents/shadycss": "^1.9.1"
          }
        }
      }
    },
    "@vaadin/vaadin-split-layout": {
      "version": "20.0.0-beta2",
      "resolved": "https://registry.npmjs.org/@vaadin/vaadin-split-layout/-/vaadin-split-layout-20.0.0-beta2.tgz",
      "integrity": "sha512-fqW69NAQfAhPrvEWNTZt9AYKt0a8tkN7ZxEnVOigGmw441W4w8ktW4VxlXFVF8ceRlCHyfqdRdrZb9YsS6/CSA==",
      "requires": {
        "@polymer/iron-resizable-behavior": "^3.0.0",
        "@polymer/polymer": "^3.0.0",
        "@vaadin/vaadin-element-mixin": "^20.0.0-beta2",
        "@vaadin/vaadin-lumo-styles": "^20.0.0-beta2",
        "@vaadin/vaadin-material-styles": "^20.0.0-beta2",
        "@vaadin/vaadin-themable-mixin": "^20.0.0-beta2"
      }
    },
    "@vaadin/vaadin-tabs": {
      "version": "20.0.0-beta2",
      "resolved": "https://registry.npmjs.org/@vaadin/vaadin-tabs/-/vaadin-tabs-20.0.0-beta2.tgz",
      "integrity": "sha512-2PWGYuo/HsWSqsXytxlVtrnSU+vHOI9PZF3FTDgEKGrTmUiSQx2a9WuCVvDqZ2izWHvDK2MswyERNaHaJeXeYg==",
      "requires": {
        "@polymer/iron-resizable-behavior": "^3.0.0",
        "@polymer/polymer": "^3.0.0",
        "@vaadin/vaadin-element-mixin": "^20.0.0-beta2",
        "@vaadin/vaadin-item": "^20.0.0-beta2",
        "@vaadin/vaadin-list-mixin": "^20.0.0-beta2",
        "@vaadin/vaadin-lumo-styles": "^20.0.0-beta2",
        "@vaadin/vaadin-material-styles": "^20.0.0-beta2",
        "@vaadin/vaadin-themable-mixin": "^20.0.0-beta2"
      }
    },
    "@vaadin/vaadin-text-field": {
      "version": "20.0.0-beta2",
      "resolved": "https://registry.npmjs.org/@vaadin/vaadin-text-field/-/vaadin-text-field-20.0.0-beta2.tgz",
      "integrity": "sha512-7k9sx9OE0RCyqz3kJeuLFyRG7LON2AWDPELqe7XRup2xMz7FasteDvP72AE+8niRPN2Q8U3np9zhwRlXgu4D3Q==",
      "requires": {
        "@polymer/polymer": "^3.0.0",
        "@vaadin/vaadin-control-state-mixin": "^20.0.0-beta2",
        "@vaadin/vaadin-element-mixin": "^20.0.0-beta2",
        "@vaadin/vaadin-lumo-styles": "^20.0.0-beta2",
        "@vaadin/vaadin-material-styles": "^20.0.0-beta2",
        "@vaadin/vaadin-themable-mixin": "^20.0.0-beta2"
      }
    },
    "@vaadin/vaadin-themable-mixin": {
      "version": "20.0.0-beta2",
      "resolved": "https://registry.npmjs.org/@vaadin/vaadin-themable-mixin/-/vaadin-themable-mixin-20.0.0-beta2.tgz",
      "integrity": "sha512-0AARpofwbX7Ei39a3/WrKSyLHxthsKBBO5c8AWrM5oDFTz0Uqgq96fWVhBlebnKelCq1HTBfycuj+MZvKOca5Q==",
      "requires": {
        "@polymer/polymer": "^3.0.0",
        "lit-element": "^2.0.0"
      }
    },
    "@vaadin/vaadin-time-picker": {
      "version": "20.0.0-beta2",
      "resolved": "https://registry.npmjs.org/@vaadin/vaadin-time-picker/-/vaadin-time-picker-20.0.0-beta2.tgz",
      "integrity": "sha512-Y//92n6/RIVxxVt85w/WJxi/ftrLlj2qvAATd32vtc9r22uoEpbdZ3waYQ2n+ZO6jZAIdW9t62hrNMOmtW0sFQ==",
      "requires": {
        "@polymer/polymer": "^3.0.0",
        "@vaadin/vaadin-combo-box": "^20.0.0-beta2",
        "@vaadin/vaadin-control-state-mixin": "^20.0.0-beta2",
        "@vaadin/vaadin-element-mixin": "^20.0.0-beta2",
        "@vaadin/vaadin-lumo-styles": "^20.0.0-beta2",
        "@vaadin/vaadin-material-styles": "^20.0.0-beta2",
        "@vaadin/vaadin-text-field": "^20.0.0-beta2",
        "@vaadin/vaadin-themable-mixin": "^20.0.0-beta2"
      }
    },
    "@vaadin/vaadin-upload": {
      "version": "20.0.0-beta2",
      "resolved": "https://registry.npmjs.org/@vaadin/vaadin-upload/-/vaadin-upload-20.0.0-beta2.tgz",
      "integrity": "sha512-6E9xlNUXOIih0bp9S9TL8ldQxUodaApj7eMnaskRIiYX1YpXR5UxYzZIrtiQKQ8YcB/V8OVdimb4X/xQWsdNXg==",
      "requires": {
        "@polymer/polymer": "^3.0.0",
        "@vaadin/vaadin-button": "^20.0.0-beta2",
        "@vaadin/vaadin-element-mixin": "^20.0.0-beta2",
        "@vaadin/vaadin-lumo-styles": "^20.0.0-beta2",
        "@vaadin/vaadin-material-styles": "^20.0.0-beta2",
        "@vaadin/vaadin-progress-bar": "^20.0.0-beta2",
        "@vaadin/vaadin-themable-mixin": "^20.0.0-beta2"
      }
    },
    "@vaadin/vaadin-usage-statistics": {
      "version": "2.1.0",
      "resolved": "https://registry.npmjs.org/@vaadin/vaadin-usage-statistics/-/vaadin-usage-statistics-2.1.0.tgz",
      "integrity": "sha512-e81nbqY5zsaYhLJuOVkJkB/Um1pGK5POIqIlTNhUfjeoyGaJ63tiX8+D5n6F+GgVxUTLUarsKa6SKRcQel0AzA==",
      "requires": {
        "@vaadin/vaadin-development-mode-detector": "^2.0.0"
      }
    },
    "@webcomponents/shadycss": {
      "version": "1.10.2",
      "resolved": "https://registry.npmjs.org/@webcomponents/shadycss/-/shadycss-1.10.2.tgz",
      "integrity": "sha512-9Iseu8bRtecb0klvv+WXZOVZatsRkbaH7M97Z+f+Pt909R4lDfgUODAnra23DOZTpeMTAkVpf4m/FZztN7Ox1A=="
    },
    "cookieconsent": {
      "version": "3.1.1",
      "resolved": "https://registry.npmjs.org/cookieconsent/-/cookieconsent-3.1.1.tgz",
      "integrity": "sha512-v8JWLJcI7Zs9NWrs8hiVldVtm3EBF70TJI231vxn6YToBGj0c9dvdnYwltydkAnrbBMOM/qX1xLFrnTfm5wTag=="
    },
    "highcharts": {
      "version": "8.1.2",
      "resolved": "https://registry.npmjs.org/highcharts/-/highcharts-8.1.2.tgz",
      "integrity": "sha512-Q124Lj+2+bVY2MKMd7d8uSVAmhZVzWgknUUzUBEC27S94dCyK6PBgahuwiMP/ET4w7qSFBBi4OC77ZUb0Vnuyg=="
    },
    "lit-element": {
      "version": "2.5.1",
      "resolved": "https://registry.npmjs.org/lit-element/-/lit-element-2.5.1.tgz",
      "integrity": "sha512-ogu7PiJTA33bEK0xGu1dmaX5vhcRjBXCFexPja0e7P7jqLhTpNKYRPmE+GmiCaRVAbiQKGkUgkh/i6+bh++dPQ==",
      "requires": {
        "lit-html": "^1.1.1"
      }
    },
    "lit-html": {
      "version": "1.4.1",
      "resolved": "https://registry.npmjs.org/lit-html/-/lit-html-1.4.1.tgz",
      "integrity": "sha512-B9btcSgPYb1q4oSOb/PrOT6Z/H+r6xuNzfH4lFli/AWhYwdtrgQkQWBbIc6mdnf6E2IL3gDXdkkqNktpU0OZQA=="
    },
    "path-to-regexp": {
      "version": "2.4.0",
      "resolved": "https://registry.npmjs.org/path-to-regexp/-/path-to-regexp-2.4.0.tgz",
      "integrity": "sha512-G6zHoVqC6GGTQkZwF4lkuEyMbVOjoBKAEybQUypI1WTkqinCOrq2x6U2+phkJ1XsEMTy4LjtwPI7HW+NVrRR2w=="
    }
  }
}
