{
  "name": "@vaadin/vaadin-shrinkwrap",
  "version": "21.0.2",
  "lockfileVersion": 1,
  "requires": true,
  "dependencies": {
    "@lit/reactive-element": {
      "version": "1.0.0",
      "resolved": "https://registry.npmjs.org/@lit/reactive-element/-/reactive-element-1.0.0.tgz",
      "integrity": "sha512-Kpgenb8UNFsKCsFhggiVvUkCbcFQSd6N8hffYEEGjz27/4rw3cTSsmP9t3q1EHOAsdum60Wo64HvuZDFpEwexA=="
    },
    "@polymer/iron-a11y-announcer": {
      "version": "3.0.2",
      "resolved": "https://registry.npmjs.org/@polymer/iron-a11y-announcer/-/iron-a11y-announcer-3.0.2.tgz",
      "integrity": "sha512-LqnMF39mXyxSSRbTHRzGbcJS8nU0NVTo2raBOgOlpxw5yfGJUVcwaTJ/qy5NtWCZLRfa4suycf0oAkuUjHTXHQ==",
      "requires": {
        "@polymer/polymer": "^3.0.0"
      }
    },
    "@polymer/iron-a11y-keys-behavior": {
      "version": "3.0.1",
      "resolved": "https://registry.npmjs.org/@polymer/iron-a11y-keys-behavior/-/iron-a11y-keys-behavior-3.0.1.tgz",
      "integrity": "sha512-lnrjKq3ysbBPT/74l0Fj0U9H9C35Tpw2C/tpJ8a+5g8Y3YJs1WSZYnEl1yOkw6sEyaxOq/1DkzH0+60gGu5/PQ==",
      "requires": {
        "@polymer/polymer": "^3.0.0"
      }
    },
    "@polymer/iron-fit-behavior": {
      "version": "3.0.2",
      "resolved": "https://registry.npmjs.org/@polymer/iron-fit-behavior/-/iron-fit-behavior-3.0.2.tgz",
      "integrity": "sha512-JndryJYbBR3gSN5IlST4rCHsd01+OyvYpRO6z5Zd3C6u5V/m07TwAtcf3aXwZ8WBNt2eLG28OcvdSO7XR2v2pg==",
      "requires": {
        "@polymer/polymer": "^3.0.0"
      }
    },
    "@polymer/iron-flex-layout": {
      "version": "3.0.1",
      "resolved": "https://registry.npmjs.org/@polymer/iron-flex-layout/-/iron-flex-layout-3.0.1.tgz",
      "integrity": "sha512-7gB869czArF+HZcPTVSgvA7tXYFze9EKckvM95NB7SqYF+NnsQyhoXgKnpFwGyo95lUjUW9TFDLUwDXnCYFtkw==",
      "requires": {
        "@polymer/polymer": "^3.0.0"
      }
    },
    "@polymer/iron-icon": {
      "version": "3.0.1",
      "resolved": "https://registry.npmjs.org/@polymer/iron-icon/-/iron-icon-3.0.1.tgz",
      "integrity": "sha512-QLPwirk+UPZNaLnMew9VludXA4CWUCenRewgEcGYwdzVgDPCDbXxy6vRJjmweZobMQv/oVLppT2JZtJFnPxX6g==",
      "requires": {
        "@polymer/iron-flex-layout": "^3.0.0-pre.26",
        "@polymer/iron-meta": "^3.0.0-pre.26",
        "@polymer/polymer": "^3.0.0"
      }
    },
    "@polymer/iron-iconset-svg": {
      "version": "3.0.1",
      "resolved": "https://registry.npmjs.org/@polymer/iron-iconset-svg/-/iron-iconset-svg-3.0.1.tgz",
      "integrity": "sha512-XNwURbNHRw6u2fJe05O5fMYye6GSgDlDqCO+q6K1zAnKIrpgZwf2vTkBd5uCcZwsN0FyCB3mvNZx4jkh85dRDw==",
      "requires": {
        "@polymer/iron-meta": "^3.0.0-pre.26",
        "@polymer/polymer": "^3.0.0"
      }
    },
    "@polymer/iron-list": {
      "version": "3.1.0",
      "resolved": "https://registry.npmjs.org/@polymer/iron-list/-/iron-list-3.1.0.tgz",
      "integrity": "sha512-Eiv6xd3h3oPmn8SXFntXVfC3ZnegH+KHAxiKLKcOASFSRY3mHnr2AdcnExUJ9ItoCMA5UzKaM/0U22eWzGERtA==",
      "requires": {
        "@polymer/iron-a11y-keys-behavior": "^3.0.0-pre.26",
        "@polymer/iron-resizable-behavior": "^3.0.0-pre.26",
        "@polymer/iron-scroll-target-behavior": "^3.0.0-pre.26",
        "@polymer/polymer": "^3.0.0"
      }
    },
    "@polymer/iron-media-query": {
      "version": "3.0.1",
      "resolved": "https://registry.npmjs.org/@polymer/iron-media-query/-/iron-media-query-3.0.1.tgz",
      "integrity": "sha512-czUX1pm1zfmfcZtq5J57XFkcobBv08Y50exp0/3v8Bos5VL/jv2tU0RwiTfDBxUMhjicGbgwEBFQPY2V5DMzyw==",
      "requires": {
        "@polymer/polymer": "^3.0.0"
      }
    },
    "@polymer/iron-meta": {
      "version": "3.0.1",
      "resolved": "https://registry.npmjs.org/@polymer/iron-meta/-/iron-meta-3.0.1.tgz",
      "integrity": "sha512-pWguPugiLYmWFV9UWxLWzZ6gm4wBwQdDy4VULKwdHCqR7OP7u98h+XDdGZsSlDPv6qoryV/e3tGHlTIT0mbzJA==",
      "requires": {
        "@polymer/polymer": "^3.0.0"
      }
    },
    "@polymer/iron-overlay-behavior": {
      "version": "3.0.3",
      "resolved": "https://registry.npmjs.org/@polymer/iron-overlay-behavior/-/iron-overlay-behavior-3.0.3.tgz",
      "integrity": "sha512-Q/Fp0+uOQQ145ebZ7T8Cxl4m1tUKYjyymkjcL2rXUm+aDQGb1wA1M1LYxUF5YBqd+9lipE0PTIiYwA2ZL/sznA==",
      "requires": {
        "@polymer/iron-a11y-keys-behavior": "^3.0.0-pre.26",
        "@polymer/iron-fit-behavior": "^3.0.0-pre.26",
        "@polymer/iron-resizable-behavior": "^3.0.0-pre.26",
        "@polymer/polymer": "^3.0.0"
      }
    },
    "@polymer/iron-resizable-behavior": {
      "version": "3.0.1",
      "resolved": "https://registry.npmjs.org/@polymer/iron-resizable-behavior/-/iron-resizable-behavior-3.0.1.tgz",
      "integrity": "sha512-FyHxRxFspVoRaeZSWpT3y0C9awomb4tXXolIJcZ7RvXhMP632V5lez+ch5G5SwK0LpnAPkg35eB0LPMFv+YMMQ==",
      "requires": {
        "@polymer/polymer": "^3.0.0"
      }
    },
    "@polymer/iron-scroll-target-behavior": {
      "version": "3.0.1",
      "resolved": "https://registry.npmjs.org/@polymer/iron-scroll-target-behavior/-/iron-scroll-target-behavior-3.0.1.tgz",
      "integrity": "sha512-xg1WanG25BIkQE8rhuReqY9zx1K5M7F+YAIYpswEp5eyDIaZ1Y3vUmVeQ3KG+hiSugzI1M752azXN7kvyhOBcQ==",
      "requires": {
        "@polymer/polymer": "^3.0.0"
      }
    },
    "@polymer/polymer": {
      "version": "3.1.0",
      "resolved": "https://registry.npmjs.org/@polymer/polymer/-/polymer-3.1.0.tgz",
      "integrity": "sha512-hwN8IMERsFATz/9dSMxYHL+84J9uBkPuuarxJWlTsppZ4CAYTZKnepBfNrKoyNsafBmA3yXBiiKPPf+fJtza7A==",
      "requires": {
        "@webcomponents/shadycss": "^1.5.2"
      }
    },
    "@types/trusted-types": {
      "version": "2.0.2",
      "resolved": "https://registry.npmjs.org/@types/trusted-types/-/trusted-types-2.0.2.tgz",
      "integrity": "sha512-F5DIZ36YVLE+PN+Zwws4kJogq47hNgX3Nx6WyDJ3kcplxyke3XIzB8uK5n/Lpm1HBsbGzd6nmGehL8cPekP+Tg=="
    },
    "@vaadin/router": {
      "version": "1.7.4",
      "resolved": "https://registry.npmjs.org/@vaadin/router/-/router-1.7.4.tgz",
      "integrity": "sha512-B4JVtzFVUMlsjuJHNXEMfNZrM4QDrdeOMc6EEigiHYxwF82py6yDdP6SWP0aPoP3f6aQHt51tLWdXSpkKpWf7A==",
      "requires": {
        "@vaadin/vaadin-usage-statistics": "^2.1.0",
        "path-to-regexp": "2.4.0"
      }
    },
    "@vaadin/vaadin-accordion": {
      "version": "21.0.2",
      "resolved": "https://registry.npmjs.org/@vaadin/vaadin-accordion/-/vaadin-accordion-21.0.2.tgz",
      "integrity": "sha512-Soqgm6py7b7bXYgVx1qZ1U2dMb8+IGWHuJv/6ScbKRtG7lUe0PgOj1vpLePIMTMN6uZ+0wyb4tWOWrRWN/GutA==",
      "requires": {
        "@polymer/polymer": "^3.0.0",
        "@vaadin/vaadin-details": "^21.0.2",
        "@vaadin/vaadin-element-mixin": "^21.0.2",
        "@vaadin/vaadin-lumo-styles": "^21.0.2",
        "@vaadin/vaadin-material-styles": "^21.0.2",
        "@vaadin/vaadin-themable-mixin": "^21.0.2"
      }
    },
    "@vaadin/vaadin-app-layout": {
      "version": "21.0.2",
      "resolved": "https://registry.npmjs.org/@vaadin/vaadin-app-layout/-/vaadin-app-layout-21.0.2.tgz",
      "integrity": "sha512-YhblyixmlGiOglJOuiPPsAB8Kpfd63G6btFV3sjgUyNHQT75OotDSNZwY9cixUCB38fFbCvRvwjWPDJBvYtokw==",
      "requires": {
        "@polymer/iron-resizable-behavior": "^3.0.0",
        "@polymer/polymer": "^3.0.0",
        "@vaadin/vaadin-button": "^21.0.2",
        "@vaadin/vaadin-element-mixin": "^21.0.2",
        "@vaadin/vaadin-lumo-styles": "^21.0.2",
        "@vaadin/vaadin-material-styles": "^21.0.2",
        "@vaadin/vaadin-themable-mixin": "^21.0.2"
      }
    },
    "@vaadin/vaadin-avatar": {
      "version": "21.0.2",
      "resolved": "https://registry.npmjs.org/@vaadin/vaadin-avatar/-/vaadin-avatar-21.0.2.tgz",
      "integrity": "sha512-sRgPk0OQT+uvqK11cMlzSOsbt8wutImC5BS6D8WV+nr068D7xvwcZ/6epNPbNTm7suGB1l+7cSL66MMcBtqVfg==",
      "requires": {
        "@polymer/iron-a11y-announcer": "^3.0.0",
        "@polymer/iron-resizable-behavior": "^3.0.0",
        "@polymer/polymer": "^3.0.0",
        "@vaadin/vaadin-element-mixin": "^21.0.2",
        "@vaadin/vaadin-item": "^21.0.2",
        "@vaadin/vaadin-list-box": "^21.0.2",
        "@vaadin/vaadin-lumo-styles": "^21.0.2",
        "@vaadin/vaadin-material-styles": "^21.0.2",
        "@vaadin/vaadin-overlay": "^21.0.2",
        "@vaadin/vaadin-themable-mixin": "^21.0.2"
      }
    },
    "@vaadin/vaadin-board": {
      "version": "21.0.2",
      "resolved": "https://registry.npmjs.org/@vaadin/vaadin-board/-/vaadin-board-21.0.2.tgz",
      "integrity": "sha512-XPhkdIs2PsBjj3Jk+t2sYqkHRgg+qLweOU4eSe4izVRImEH0rvCajxW4sYzWG6Eb4LtQgvjg8Vus/6wYqo6tjw==",
      "requires": {
        "@polymer/iron-resizable-behavior": "^3.0.0",
        "@polymer/polymer": "^3.0.0",
        "@vaadin/vaadin-element-mixin": "^21.0.2",
        "@vaadin/vaadin-license-checker": "^2.1.0"
      }
    },
    "@vaadin/vaadin-button": {
      "version": "21.0.2",
      "resolved": "https://registry.npmjs.org/@vaadin/vaadin-button/-/vaadin-button-21.0.2.tgz",
      "integrity": "sha512-cMMODwjazzRSoh87aZtMdG3vJns006FP8GiLIZN1nq4h2r3mN52NZnx3dAJ/mBvrFHjmsnS+i2OoR9TjGLibnw==",
      "requires": {
        "@polymer/polymer": "^3.0.0",
        "@vaadin/vaadin-control-state-mixin": "^21.0.2",
        "@vaadin/vaadin-element-mixin": "^21.0.2",
        "@vaadin/vaadin-lumo-styles": "^21.0.2",
        "@vaadin/vaadin-material-styles": "^21.0.2",
        "@vaadin/vaadin-themable-mixin": "^21.0.2"
      }
    },
    "@vaadin/vaadin-charts": {
      "version": "21.0.2",
      "resolved": "https://registry.npmjs.org/@vaadin/vaadin-charts/-/vaadin-charts-21.0.2.tgz",
      "integrity": "sha512-++MypekOtt83Fb8o+iOd8qYZwbtAgSS9IY6Qr2LmVh130z5k1dCYmoblQvlFvpH8d+Cg3fHKn3A+oPdOlG3XMw==",
      "requires": {
        "@polymer/polymer": "^3.0.0",
        "@vaadin/vaadin-element-mixin": "^21.0.2",
        "@vaadin/vaadin-license-checker": "^2.1.0",
        "@vaadin/vaadin-themable-mixin": "^21.0.2",
        "highcharts": "8.1.2"
      }
    },
    "@vaadin/vaadin-checkbox": {
      "version": "21.0.2",
      "resolved": "https://registry.npmjs.org/@vaadin/vaadin-checkbox/-/vaadin-checkbox-21.0.2.tgz",
      "integrity": "sha512-0nHelIpxI+81huILXikrT2Tm5KNmsdIq3irk0zOCZGraG5/6iUW4rBZ9ze63XFfVDO/Yh8NDS0dhsPs8FM2tGw==",
      "requires": {
        "@polymer/polymer": "^3.0.0",
        "@vaadin/vaadin-control-state-mixin": "^21.0.2",
        "@vaadin/vaadin-element-mixin": "^21.0.2",
        "@vaadin/vaadin-lumo-styles": "^21.0.2",
        "@vaadin/vaadin-material-styles": "^21.0.2",
        "@vaadin/vaadin-themable-mixin": "^21.0.2"
      }
    },
    "@vaadin/vaadin-combo-box": {
      "version": "21.0.2",
      "resolved": "https://registry.npmjs.org/@vaadin/vaadin-combo-box/-/vaadin-combo-box-21.0.2.tgz",
      "integrity": "sha512-U6lS5cIvrUfyJ+jzdLDOpWpH8xCwReAOJCQ7X6/eu3L3LVbwiuVKNie4MFzkhQ1DF4cuRX8AJ/R1dYaxD7FdXA==",
      "requires": {
        "@polymer/iron-a11y-announcer": "^3.0.0",
        "@polymer/iron-list": "^3.0.0",
        "@polymer/iron-resizable-behavior": "^3.0.0",
        "@polymer/polymer": "^3.0.0",
        "@vaadin/vaadin-control-state-mixin": "^21.0.2",
        "@vaadin/vaadin-element-mixin": "^21.0.2",
        "@vaadin/vaadin-item": "^21.0.2",
        "@vaadin/vaadin-lumo-styles": "^21.0.2",
        "@vaadin/vaadin-material-styles": "^21.0.2",
        "@vaadin/vaadin-overlay": "^21.0.2",
        "@vaadin/vaadin-text-field": "^21.0.2",
        "@vaadin/vaadin-themable-mixin": "^21.0.2"
      }
    },
    "@vaadin/vaadin-confirm-dialog": {
      "version": "21.0.2",
      "resolved": "https://registry.npmjs.org/@vaadin/vaadin-confirm-dialog/-/vaadin-confirm-dialog-21.0.2.tgz",
      "integrity": "sha512-nGNLdtESOfuYuI+UIiGKH9u+/7HK7L5wq+KYDdL9vKIeUDAmpbKW+AbnJPwRlIjpbRdxQnOWRAVknmCEFbyxpA==",
      "requires": {
        "@polymer/polymer": "^3.0.0",
        "@vaadin/vaadin-button": "^21.0.2",
        "@vaadin/vaadin-dialog": "^21.0.2",
        "@vaadin/vaadin-element-mixin": "^21.0.2",
        "@vaadin/vaadin-license-checker": "^2.1.0",
        "@vaadin/vaadin-lumo-styles": "^21.0.2",
        "@vaadin/vaadin-material-styles": "^21.0.2",
        "@vaadin/vaadin-overlay": "^21.0.2",
        "@vaadin/vaadin-themable-mixin": "^21.0.2"
      }
    },
    "@vaadin/vaadin-context-menu": {
      "version": "21.0.2",
      "resolved": "https://registry.npmjs.org/@vaadin/vaadin-context-menu/-/vaadin-context-menu-21.0.2.tgz",
      "integrity": "sha512-UGxWxZlnszobAci3MUpWL6CHaQ4/xR91NNitWzl4fIa6nNZ6ethl6FRs9eCNs3xJvYaOxvccSLuWlngXV/a3iw==",
      "requires": {
        "@polymer/iron-media-query": "^3.0.0",
        "@polymer/polymer": "^3.0.0",
        "@vaadin/vaadin-element-mixin": "^21.0.2",
        "@vaadin/vaadin-item": "^21.0.2",
        "@vaadin/vaadin-list-box": "^21.0.2",
        "@vaadin/vaadin-lumo-styles": "^21.0.2",
        "@vaadin/vaadin-material-styles": "^21.0.2",
        "@vaadin/vaadin-overlay": "^21.0.2",
        "@vaadin/vaadin-themable-mixin": "^21.0.2"
      }
    },
    "@vaadin/vaadin-control-state-mixin": {
      "version": "21.0.2",
      "resolved": "https://registry.npmjs.org/@vaadin/vaadin-control-state-mixin/-/vaadin-control-state-mixin-21.0.2.tgz",
      "integrity": "sha512-yV+Kd5N3pO+92BVu821KY2UgJ2PpWROz2WnddNkf2mxl1Hd1y2UqmZsuTMwRCTW+M3tUMIxKWlzd0SNUR81klw==",
      "requires": {
        "@polymer/polymer": "^3.0.0"
      }
    },
    "@vaadin/vaadin-cookie-consent": {
      "version": "21.0.2",
      "resolved": "https://registry.npmjs.org/@vaadin/vaadin-cookie-consent/-/vaadin-cookie-consent-21.0.2.tgz",
      "integrity": "sha512-CaoE9pZJkT4Emb8M2vCZ4uQ3Ixm61TUOBhMr3nQQ/zLxXwGeOs/XoGRBKveSFRToVvVywMEQmr4rtU0Llu+Hqw==",
      "requires": {
        "@polymer/polymer": "^3.0.0",
        "@vaadin/vaadin-element-mixin": "^21.0.2",
        "@vaadin/vaadin-license-checker": "^2.1.0",
        "@vaadin/vaadin-lumo-styles": "^21.0.2",
        "@vaadin/vaadin-material-styles": "^21.0.2",
        "cookieconsent": "^3.0.6"
      }
    },
    "@vaadin/vaadin-crud": {
      "version": "21.0.2",
      "resolved": "https://registry.npmjs.org/@vaadin/vaadin-crud/-/vaadin-crud-21.0.2.tgz",
      "integrity": "sha512-j0JQK6szTV1/WffYHbf6InTtikV82KNUkmruJ+b2ENAU88urbbap4ItyqcYa46sz5fpgXe0NHMGEIe2/LylJGA==",
      "requires": {
        "@polymer/iron-media-query": "^3.0.0",
        "@polymer/polymer": "^3.0.0",
        "@vaadin/vaadin-button": "^21.0.2",
        "@vaadin/vaadin-confirm-dialog": "^21.0.2",
        "@vaadin/vaadin-dialog": "^21.0.2",
        "@vaadin/vaadin-element-mixin": "^21.0.2",
        "@vaadin/vaadin-form-layout": "^21.0.2",
        "@vaadin/vaadin-grid": "^21.0.2",
        "@vaadin/vaadin-license-checker": "^2.1.0",
        "@vaadin/vaadin-lumo-styles": "^21.0.2",
        "@vaadin/vaadin-material-styles": "^21.0.2",
        "@vaadin/vaadin-text-field": "^21.0.2",
        "@vaadin/vaadin-themable-mixin": "^21.0.2"
      }
    },
    "@vaadin/vaadin-custom-field": {
      "version": "21.0.2",
      "resolved": "https://registry.npmjs.org/@vaadin/vaadin-custom-field/-/vaadin-custom-field-21.0.2.tgz",
      "integrity": "sha512-/BV1KDDqUYGkzVhmqqGl+KBt20WBAqx3zCDExbWf+RMKfKyBUBd2zEEGzQWd3d3cItiuYiTsIb5p5NpCM4X/Fw==",
      "requires": {
        "@polymer/polymer": "^3.0.0",
        "@vaadin/vaadin-element-mixin": "^21.0.2",
        "@vaadin/vaadin-lumo-styles": "^21.0.2",
        "@vaadin/vaadin-material-styles": "^21.0.2",
        "@vaadin/vaadin-themable-mixin": "^21.0.2"
      }
    },
    "@vaadin/vaadin-date-picker": {
      "version": "21.0.2",
      "resolved": "https://registry.npmjs.org/@vaadin/vaadin-date-picker/-/vaadin-date-picker-21.0.2.tgz",
      "integrity": "sha512-ekPuyQE2RK6//6RsPKU/lvc6vI2Ay5DGjFj30r11Nlpow+ubBh3ATcI1OHL4cDNuV0NRU6RN9mzhOJIgpmd14Q==",
      "requires": {
        "@polymer/iron-a11y-announcer": "^3.0.0",
        "@polymer/iron-a11y-keys-behavior": "^3.0.0",
        "@polymer/iron-media-query": "^3.0.0",
        "@polymer/iron-resizable-behavior": "^3.0.0",
        "@polymer/polymer": "^3.2.0",
        "@vaadin/vaadin-button": "^21.0.2",
        "@vaadin/vaadin-control-state-mixin": "^21.0.2",
        "@vaadin/vaadin-element-mixin": "^21.0.2",
        "@vaadin/vaadin-lumo-styles": "^21.0.2",
        "@vaadin/vaadin-material-styles": "^21.0.2",
        "@vaadin/vaadin-overlay": "^21.0.2",
        "@vaadin/vaadin-text-field": "^21.0.2",
        "@vaadin/vaadin-themable-mixin": "^21.0.2"
      },
      "dependencies": {
        "@polymer/polymer": {
          "version": "3.4.1",
          "resolved": "https://registry.npmjs.org/@polymer/polymer/-/polymer-3.4.1.tgz",
          "integrity": "sha512-KPWnhDZibtqKrUz7enIPOiO4ZQoJNOuLwqrhV2MXzIt3VVnUVJVG5ORz4Z2sgO+UZ+/UZnPD0jqY+jmw/+a9mQ==",
          "requires": {
            "@webcomponents/shadycss": "^1.9.1"
          }
        }
      }
    },
    "@vaadin/vaadin-date-time-picker": {
      "version": "21.0.2",
      "resolved": "https://registry.npmjs.org/@vaadin/vaadin-date-time-picker/-/vaadin-date-time-picker-21.0.2.tgz",
      "integrity": "sha512-z25He8dTfv3snYSYRUqlsKtz+6Y8tow35YLWxh4qTNQM3bVMqrMsvfQmpBIrgFmPrL57J8z4H++TJGRThfCoDg==",
      "requires": {
        "@polymer/polymer": "^3.0.0",
        "@vaadin/vaadin-custom-field": "^21.0.2",
        "@vaadin/vaadin-date-picker": "^21.0.2",
        "@vaadin/vaadin-element-mixin": "^21.0.2",
        "@vaadin/vaadin-lumo-styles": "^21.0.2",
        "@vaadin/vaadin-material-styles": "^21.0.2",
        "@vaadin/vaadin-themable-mixin": "^21.0.2",
        "@vaadin/vaadin-time-picker": "^21.0.2"
      }
    },
    "@vaadin/vaadin-details": {
      "version": "21.0.2",
      "resolved": "https://registry.npmjs.org/@vaadin/vaadin-details/-/vaadin-details-21.0.2.tgz",
      "integrity": "sha512-G6z2qKAjopGQeJQA26ud+jyttwYM45KJsdLhNnbR3dhXQI1wSLhfoFec+UYpns+VqI5jwnJa3ZQMz+tYYvsmYA==",
      "requires": {
        "@polymer/polymer": "^3.0.0",
        "@vaadin/vaadin-control-state-mixin": "^21.0.2",
        "@vaadin/vaadin-element-mixin": "^21.0.2",
        "@vaadin/vaadin-lumo-styles": "^21.0.2",
        "@vaadin/vaadin-material-styles": "^21.0.2",
        "@vaadin/vaadin-themable-mixin": "^21.0.2"
      }
    },
    "@vaadin/vaadin-development-mode-detector": {
      "version": "2.0.4",
      "resolved": "https://registry.npmjs.org/@vaadin/vaadin-development-mode-detector/-/vaadin-development-mode-detector-2.0.4.tgz",
      "integrity": "sha512-S+PaFrZpK8uBIOnIHxjntTrgumd5ztuCnZww96ydGKXgo9whXfZsbMwDuD/102a/IuPUMyF+dh/n3PbWzJ6igA=="
    },
    "@vaadin/vaadin-dialog": {
      "version": "21.0.2",
      "resolved": "https://registry.npmjs.org/@vaadin/vaadin-dialog/-/vaadin-dialog-21.0.2.tgz",
      "integrity": "sha512-8iwkeYOWWVzN5UIfm8iJ/Mra46b73r4CZncBm0t22+QWKpBI9Dn4wGYQNOXZ3gdTS4U2K9oUnlN5GaynTWM7PA==",
      "requires": {
        "@polymer/iron-resizable-behavior": "^3.0.0",
        "@polymer/polymer": "^3.0.0",
        "@vaadin/vaadin-element-mixin": "^21.0.2",
        "@vaadin/vaadin-lumo-styles": "^21.0.2",
        "@vaadin/vaadin-material-styles": "^21.0.2",
        "@vaadin/vaadin-overlay": "^21.0.2",
        "@vaadin/vaadin-themable-mixin": "^21.0.2"
      }
    },
    "@vaadin/vaadin-element-mixin": {
      "version": "21.0.2",
      "resolved": "https://registry.npmjs.org/@vaadin/vaadin-element-mixin/-/vaadin-element-mixin-21.0.2.tgz",
      "integrity": "sha512-LbDEoK8vrpmEJgfQN4AixwkS3hT+lka6nPewvZrwnRsPnm20R6xQcLQzEN+755u1U1YmPfeglOxRItaEgXR7pA==",
      "requires": {
        "@polymer/polymer": "^3.0.0",
        "@vaadin/vaadin-development-mode-detector": "^2.0.0",
        "@vaadin/vaadin-usage-statistics": "^2.1.0"
      }
    },
    "@vaadin/vaadin-form-layout": {
      "version": "21.0.2",
      "resolved": "https://registry.npmjs.org/@vaadin/vaadin-form-layout/-/vaadin-form-layout-21.0.2.tgz",
      "integrity": "sha512-N9gWw49vLDFsq/l9uNJtrOeTS4IFm3XQQKkOCKFyKUXsGBAWh6XyG7xsSqjSSDAjlwzyGs/TySanWj/wbpEVZw==",
      "requires": {
        "@polymer/iron-resizable-behavior": "^3.0.0",
        "@polymer/polymer": "^3.0.0",
        "@vaadin/vaadin-element-mixin": "^21.0.2",
        "@vaadin/vaadin-lumo-styles": "^21.0.2",
        "@vaadin/vaadin-material-styles": "^21.0.2",
        "@vaadin/vaadin-themable-mixin": "^21.0.2"
      }
    },
    "@vaadin/vaadin-grid": {
      "version": "21.0.2",
      "resolved": "https://registry.npmjs.org/@vaadin/vaadin-grid/-/vaadin-grid-21.0.2.tgz",
      "integrity": "sha512-GAzYs7dfqimjFT+0Q7KfpiuTzYsBRrPbeAGkMBJdjnvm09Eom6mUt5ROVR5tbvgnMvYhe2i6KapcJCG2ju1RwA==",
      "requires": {
        "@polymer/polymer": "^3.0.0",
        "@vaadin/vaadin-checkbox": "^21.0.2",
        "@vaadin/vaadin-element-mixin": "^21.0.2",
        "@vaadin/vaadin-lumo-styles": "^21.0.2",
        "@vaadin/vaadin-material-styles": "^21.0.2",
        "@vaadin/vaadin-text-field": "^21.0.2",
        "@vaadin/vaadin-themable-mixin": "^21.0.2",
        "@vaadin/vaadin-virtual-list": "^21.0.2"
      }
    },
    "@vaadin/vaadin-grid-pro": {
      "version": "21.0.2",
      "resolved": "https://registry.npmjs.org/@vaadin/vaadin-grid-pro/-/vaadin-grid-pro-21.0.2.tgz",
      "integrity": "sha512-UF6SlChzJsyuN+Q2M5l+GgXa1+j8ijgKJM4AOqxQrEfRKzvUSnlV0/EJ8nZWUEQYKtcRSv2CTgG9WdbdBQ6mGw==",
      "requires": {
        "@polymer/polymer": "^3.0.0",
        "@vaadin/vaadin-checkbox": "^21.0.2",
        "@vaadin/vaadin-element-mixin": "^21.0.2",
        "@vaadin/vaadin-grid": "^21.0.2",
        "@vaadin/vaadin-item": "^21.0.2",
        "@vaadin/vaadin-license-checker": "^2.1.0",
        "@vaadin/vaadin-list-box": "^21.0.2",
        "@vaadin/vaadin-lumo-styles": "^21.0.2",
        "@vaadin/vaadin-material-styles": "^21.0.2",
        "@vaadin/vaadin-select": "^21.0.2",
        "@vaadin/vaadin-text-field": "^21.0.2",
        "@vaadin/vaadin-themable-mixin": "^21.0.2"
      }
    },
    "@vaadin/vaadin-icon": {
      "version": "21.0.2",
      "resolved": "https://registry.npmjs.org/@vaadin/vaadin-icon/-/vaadin-icon-21.0.2.tgz",
      "integrity": "sha512-7PqMTzxjrrXptzzSuyuc3ZahbmS2GYaea8kzEWM/YfEGg1wfvgNrwtRMMTIMLgoFc7kZrR4Z40DgVtkueHan3A==",
      "requires": {
        "@polymer/polymer": "^3.0.0",
        "@vaadin/vaadin-element-mixin": "^21.0.2",
        "@vaadin/vaadin-lumo-styles": "^21.0.2",
        "@vaadin/vaadin-themable-mixin": "^21.0.2",
        "lit": "^2.0.0"
      }
    },
    "@vaadin/vaadin-icons": {
      "version": "21.0.2",
      "resolved": "https://registry.npmjs.org/@vaadin/vaadin-icons/-/vaadin-icons-21.0.2.tgz",
      "integrity": "sha512-Z2oNo0S+9LKzuv+o/h5XFHbwa2lU31jopTypOZ+LYV+FjH0HusUL1YKLgDMsb8lTc0DKjJ3Jk2RG8MCx9MBOWQ==",
      "requires": {
        "@polymer/iron-icon": "^3.0.0",
        "@polymer/iron-iconset-svg": "^3.0.0",
        "@polymer/polymer": "^3.0.0",
        "@vaadin/vaadin-icon": "^21.0.2"
      }
    },
    "@vaadin/vaadin-item": {
      "version": "21.0.2",
      "resolved": "https://registry.npmjs.org/@vaadin/vaadin-item/-/vaadin-item-21.0.2.tgz",
      "integrity": "sha512-uV8UoX98F1bfD9ZBriuONcIYz7iiYrS3HMelfaBxcBmB+Gnzwp/tybq0em8WbXxfE/SAxk60fgtR53Cdk90hJw==",
      "requires": {
        "@polymer/polymer": "^3.0.0",
        "@vaadin/vaadin-element-mixin": "^21.0.2",
        "@vaadin/vaadin-lumo-styles": "^21.0.2",
        "@vaadin/vaadin-material-styles": "^21.0.2",
        "@vaadin/vaadin-themable-mixin": "^21.0.2"
      }
    },
    "@vaadin/vaadin-license-checker": {
      "version": "2.1.2",
      "resolved": "https://registry.npmjs.org/@vaadin/vaadin-license-checker/-/vaadin-license-checker-2.1.2.tgz",
      "integrity": "sha512-oD6/MoavXyIZp6NWhkbJD5RKrpiWohhaQpgqjM0bFIthRr+1NoiG5R1w0uY3NIdMDuaXlsUFSQJ/Viz1v7F/jQ==",
      "requires": {
        "@vaadin/vaadin-development-mode-detector": "^2.0.0"
      }
    },
    "@vaadin/vaadin-list-box": {
      "version": "21.0.2",
      "resolved": "https://registry.npmjs.org/@vaadin/vaadin-list-box/-/vaadin-list-box-21.0.2.tgz",
      "integrity": "sha512-xLnEXXjgATKqH31ksvkWtXmsIvePZECogVqww9ki48wknZg6UKrcSuLtugOHaEeseTXOTlFbTzbNhV40D3sm2A==",
      "requires": {
        "@polymer/polymer": "^3.0.0",
        "@vaadin/vaadin-element-mixin": "^21.0.2",
        "@vaadin/vaadin-item": "^21.0.2",
        "@vaadin/vaadin-list-mixin": "^21.0.2",
        "@vaadin/vaadin-lumo-styles": "^21.0.2",
        "@vaadin/vaadin-material-styles": "^21.0.2",
        "@vaadin/vaadin-themable-mixin": "^21.0.2"
      }
    },
    "@vaadin/vaadin-list-mixin": {
      "version": "21.0.2",
      "resolved": "https://registry.npmjs.org/@vaadin/vaadin-list-mixin/-/vaadin-list-mixin-21.0.2.tgz",
      "integrity": "sha512-lNltuElRgj5Ip+yHlbGHjTY1mdd0XljqCM6IIjz62OH672jPyYJK38tws1VUvxmOKD5XabAu4AYpmcg3pkg1jg==",
      "requires": {
        "@polymer/polymer": "^3.0.0",
        "@vaadin/vaadin-element-mixin": "^21.0.2"
      }
    },
    "@vaadin/vaadin-login": {
      "version": "21.0.2",
      "resolved": "https://registry.npmjs.org/@vaadin/vaadin-login/-/vaadin-login-21.0.2.tgz",
      "integrity": "sha512-/Cik412u7WiHARXvd2OVmbgGuuX5Ihu44fJyqX4iLh9qckb4pkCyXzqhIm4xiDmOV1cweCE+iJhbpvmaEAUZTg==",
      "requires": {
        "@polymer/polymer": "^3.0.0",
        "@vaadin/vaadin-button": "^21.0.2",
        "@vaadin/vaadin-element-mixin": "^21.0.2",
        "@vaadin/vaadin-lumo-styles": "^21.0.2",
        "@vaadin/vaadin-material-styles": "^21.0.2",
        "@vaadin/vaadin-overlay": "^21.0.2",
        "@vaadin/vaadin-text-field": "^21.0.2",
        "@vaadin/vaadin-themable-mixin": "^21.0.2"
      }
    },
    "@vaadin/vaadin-lumo-styles": {
      "version": "21.0.2",
      "resolved": "https://registry.npmjs.org/@vaadin/vaadin-lumo-styles/-/vaadin-lumo-styles-21.0.2.tgz",
      "integrity": "sha512-/70nrafITHx6GQW7cg4l7oE4cJpLQjTAuwq7UK58L3Z7fmpTJS5G/VMpDGv2brMYhaycHggndA+0WLNXRAscgw==",
      "requires": {
        "@polymer/iron-icon": "^3.0.0",
        "@polymer/iron-iconset-svg": "^3.0.0",
        "@polymer/polymer": "^3.0.0",
        "@vaadin/vaadin-icon": "^21.0.2",
        "@vaadin/vaadin-themable-mixin": "^21.0.2"
      }
    },
    "@vaadin/vaadin-material-styles": {
      "version": "21.0.2",
      "resolved": "https://registry.npmjs.org/@vaadin/vaadin-material-styles/-/vaadin-material-styles-21.0.2.tgz",
      "integrity": "sha512-YdmQMrAyOdA0jJvdyuG4QGqJHsAcwbrNXOfOzjeBQOv1JddRkhk8dHhryd03yRXWoNVgQin19d0fK1M7xlZuQw==",
      "requires": {
        "@polymer/polymer": "^3.0.0",
        "@vaadin/vaadin-themable-mixin": "^21.0.2"
      }
    },
    "@vaadin/vaadin-menu-bar": {
      "version": "21.0.2",
      "resolved": "https://registry.npmjs.org/@vaadin/vaadin-menu-bar/-/vaadin-menu-bar-21.0.2.tgz",
      "integrity": "sha512-tKC7u7KICRwysOXRMiOaXW5GG6FFdyNOAMrV4/ga/nIj7oBx/ojkWA2Ft+1CJqRJ6sdBkd+l3+Hr0x1i/r8ang==",
      "requires": {
        "@polymer/iron-resizable-behavior": "^3.0.0",
        "@polymer/polymer": "^3.0.0",
        "@vaadin/vaadin-button": "^21.0.2",
        "@vaadin/vaadin-context-menu": "^21.0.2",
        "@vaadin/vaadin-element-mixin": "^21.0.2",
        "@vaadin/vaadin-lumo-styles": "^21.0.2",
        "@vaadin/vaadin-material-styles": "^21.0.2",
        "@vaadin/vaadin-themable-mixin": "^21.0.2"
      }
    },
    "@vaadin/vaadin-messages": {
      "version": "21.0.2",
      "resolved": "https://registry.npmjs.org/@vaadin/vaadin-messages/-/vaadin-messages-21.0.2.tgz",
      "integrity": "sha512-CvpkEinfhMH0S3Y3aZBbKDAdS8hbGIRRf/N/c6bMGvcPxqSl4xrXkXnL669QDhKfqHW4u9Pfia4dyO1GoqvwZA==",
      "requires": {
        "@polymer/polymer": "^3.0.0",
        "@vaadin/vaadin-avatar": "^21.0.2",
        "@vaadin/vaadin-button": "^21.0.2",
        "@vaadin/vaadin-element-mixin": "^21.0.2",
        "@vaadin/vaadin-lumo-styles": "^21.0.2",
        "@vaadin/vaadin-material-styles": "^21.0.2",
        "@vaadin/vaadin-text-field": "^21.0.2",
        "@vaadin/vaadin-themable-mixin": "^21.0.2"
      }
    },
    "@vaadin/vaadin-notification": {
      "version": "21.0.2",
      "resolved": "https://registry.npmjs.org/@vaadin/vaadin-notification/-/vaadin-notification-21.0.2.tgz",
      "integrity": "sha512-FTEvDJq9GHqXILl+bNoSH0N+MUMtOgjf81j0qmDWV+mS/xbkW52tn7vH3h4ZTRQ4x6c7W19kfKhC7l/78uttHw==",
      "requires": {
        "@polymer/polymer": "^3.0.0",
        "@vaadin/vaadin-element-mixin": "^21.0.2",
        "@vaadin/vaadin-lumo-styles": "^21.0.2",
        "@vaadin/vaadin-material-styles": "^21.0.2",
        "@vaadin/vaadin-themable-mixin": "^21.0.2"
      }
    },
    "@vaadin/vaadin-ordered-layout": {
      "version": "21.0.2",
      "resolved": "https://registry.npmjs.org/@vaadin/vaadin-ordered-layout/-/vaadin-ordered-layout-21.0.2.tgz",
      "integrity": "sha512-YnYvK9ozIiisOY0LlkYAn3DSK+JMGi/qDKTIdN4nJF995yl9Dbflq8RRl9eQW3nxX4efjNRBcPBOqGqUqCCMnQ==",
      "requires": {
        "@polymer/polymer": "^3.0.0",
        "@vaadin/vaadin-element-mixin": "^21.0.2",
        "@vaadin/vaadin-lumo-styles": "^21.0.2",
        "@vaadin/vaadin-material-styles": "^21.0.2",
        "@vaadin/vaadin-themable-mixin": "^21.0.2"
      }
    },
    "@vaadin/vaadin-overlay": {
      "version": "21.0.2",
      "resolved": "https://registry.npmjs.org/@vaadin/vaadin-overlay/-/vaadin-overlay-21.0.2.tgz",
      "integrity": "sha512-jKwAtD3Urmr69ItXYbzGKCZLtnsxl5xZmAcMiRmoE8uG7E8a2Lv0rlKXZehN5/y2+Eap9kvT/B5Jeq+6MIyamA==",
      "requires": {
        "@polymer/polymer": "^3.0.0",
        "@vaadin/vaadin-element-mixin": "^21.0.2",
        "@vaadin/vaadin-lumo-styles": "^21.0.2",
        "@vaadin/vaadin-material-styles": "^21.0.2",
        "@vaadin/vaadin-themable-mixin": "^21.0.2"
      }
    },
    "@vaadin/vaadin-progress-bar": {
      "version": "21.0.2",
      "resolved": "https://registry.npmjs.org/@vaadin/vaadin-progress-bar/-/vaadin-progress-bar-21.0.2.tgz",
      "integrity": "sha512-j7fGM6m68hF47hA9qoAQ9N57fp9cFri47ZN5ipev3XZv+8k+JoF8bs0juWW0CqOuR/2IBE6aADwnZ/JzIQtRMg==",
      "requires": {
        "@polymer/polymer": "^3.0.0",
        "@vaadin/vaadin-element-mixin": "^21.0.2",
        "@vaadin/vaadin-lumo-styles": "^21.0.2",
        "@vaadin/vaadin-material-styles": "^21.0.2",
        "@vaadin/vaadin-themable-mixin": "^21.0.2"
      }
    },
    "@vaadin/vaadin-radio-button": {
      "version": "21.0.2",
      "resolved": "https://registry.npmjs.org/@vaadin/vaadin-radio-button/-/vaadin-radio-button-21.0.2.tgz",
      "integrity": "sha512-yRIf6jr0D9gOuDdXVg8JQym2ib3woGlwuAQy5YpgIirNu70PAInaN1q28eVhabQegXG1/xJ1PDrMGGYwHon8Uw==",
      "requires": {
        "@polymer/polymer": "^3.0.0",
        "@vaadin/vaadin-control-state-mixin": "^21.0.2",
        "@vaadin/vaadin-element-mixin": "^21.0.2",
        "@vaadin/vaadin-lumo-styles": "^21.0.2",
        "@vaadin/vaadin-material-styles": "^21.0.2",
        "@vaadin/vaadin-themable-mixin": "^21.0.2"
      }
    },
    "@vaadin/vaadin-rich-text-editor": {
      "version": "21.0.2",
      "resolved": "https://registry.npmjs.org/@vaadin/vaadin-rich-text-editor/-/vaadin-rich-text-editor-21.0.2.tgz",
      "integrity": "sha512-CIRi/XsZg4s6cF+2OZX/mGsoVhV+NW+2spzl2wHC5mC4YlSuZNDrajrOb6d+NezM9U8g4sVpJoCVBKdDrIw+9Q==",
      "requires": {
        "@polymer/polymer": "^3.0.0",
        "@vaadin/vaadin-button": "^21.0.2",
        "@vaadin/vaadin-confirm-dialog": "^21.0.2",
        "@vaadin/vaadin-element-mixin": "^21.0.2",
        "@vaadin/vaadin-license-checker": "^2.1.0",
        "@vaadin/vaadin-lumo-styles": "^21.0.2",
        "@vaadin/vaadin-material-styles": "^21.0.2",
        "@vaadin/vaadin-text-field": "^21.0.2",
        "@vaadin/vaadin-themable-mixin": "^21.0.2"
      }
    },
    "@vaadin/vaadin-select": {
      "version": "21.0.2",
      "resolved": "https://registry.npmjs.org/@vaadin/vaadin-select/-/vaadin-select-21.0.2.tgz",
      "integrity": "sha512-MVzZJh9pQVCZjasWK/sMeV6IAVNRHCJJ/cA+N+6Fwiv2jwD/0vi1UvGfP/NL8Jj7ePggp6qM3gKeJEWWn0iJRA==",
      "requires": {
        "@polymer/iron-media-query": "^3.0.0",
        "@polymer/iron-resizable-behavior": "^3.0.0",
        "@polymer/polymer": "^3.2.0",
        "@vaadin/vaadin-control-state-mixin": "^21.0.2",
        "@vaadin/vaadin-element-mixin": "^21.0.2",
        "@vaadin/vaadin-item": "^21.0.2",
        "@vaadin/vaadin-list-box": "^21.0.2",
        "@vaadin/vaadin-list-mixin": "^21.0.2",
        "@vaadin/vaadin-lumo-styles": "^21.0.2",
        "@vaadin/vaadin-material-styles": "^21.0.2",
        "@vaadin/vaadin-overlay": "^21.0.2",
        "@vaadin/vaadin-text-field": "^21.0.2",
        "@vaadin/vaadin-themable-mixin": "^21.0.2"
      },
      "dependencies": {
        "@polymer/polymer": {
          "version": "3.4.1",
          "resolved": "https://registry.npmjs.org/@polymer/polymer/-/polymer-3.4.1.tgz",
          "integrity": "sha512-KPWnhDZibtqKrUz7enIPOiO4ZQoJNOuLwqrhV2MXzIt3VVnUVJVG5ORz4Z2sgO+UZ+/UZnPD0jqY+jmw/+a9mQ==",
          "requires": {
            "@webcomponents/shadycss": "^1.9.1"
          }
        }
      }
    },
    "@vaadin/vaadin-split-layout": {
      "version": "21.0.2",
      "resolved": "https://registry.npmjs.org/@vaadin/vaadin-split-layout/-/vaadin-split-layout-21.0.2.tgz",
      "integrity": "sha512-1HlqzHldUu8z8ETyDjHTGSksjqhAdb0ggalyipQoK+1JiaBXZNAjEcS1GKPlTZeCyNaseiF4BXDDHphfGBdHkw==",
      "requires": {
        "@polymer/iron-resizable-behavior": "^3.0.0",
        "@polymer/polymer": "^3.0.0",
        "@vaadin/vaadin-element-mixin": "^21.0.2",
        "@vaadin/vaadin-lumo-styles": "^21.0.2",
        "@vaadin/vaadin-material-styles": "^21.0.2",
        "@vaadin/vaadin-themable-mixin": "^21.0.2"
      }
    },
    "@vaadin/vaadin-tabs": {
      "version": "21.0.2",
      "resolved": "https://registry.npmjs.org/@vaadin/vaadin-tabs/-/vaadin-tabs-21.0.2.tgz",
      "integrity": "sha512-Pv3AYxpp8RDpRJdPPRrMsm4UyDTY8vOFa85FI9m7TzKNsuTzkOKOBtG2ejtdN3ztRvbhd6fM0oOXZAAYyB98kg==",
      "requires": {
        "@polymer/iron-resizable-behavior": "^3.0.0",
        "@polymer/polymer": "^3.0.0",
        "@vaadin/vaadin-element-mixin": "^21.0.2",
        "@vaadin/vaadin-item": "^21.0.2",
        "@vaadin/vaadin-list-mixin": "^21.0.2",
        "@vaadin/vaadin-lumo-styles": "^21.0.2",
        "@vaadin/vaadin-material-styles": "^21.0.2",
        "@vaadin/vaadin-themable-mixin": "^21.0.2"
      }
    },
    "@vaadin/vaadin-template-renderer": {
      "version": "21.0.2",
      "resolved": "https://registry.npmjs.org/@vaadin/vaadin-template-renderer/-/vaadin-template-renderer-21.0.2.tgz",
      "integrity": "sha512-9C8Y0n2eq8TZ3lZCEeFI2uSrTSpb/xnRluNsxfwdab9DgCUCoZtRaYtytXlwd0NcbXVskZCjqsg39HsAOhYliA==",
      "requires": {
        "@polymer/polymer": "^3.0.0"
      }
    },
    "@vaadin/vaadin-text-field": {
      "version": "21.0.2",
      "resolved": "https://registry.npmjs.org/@vaadin/vaadin-text-field/-/vaadin-text-field-21.0.2.tgz",
      "integrity": "sha512-R4tOLy/EJAP/yvA5nIJKa5sfHaFnHbPd4OFmY0NdeMW+6mus1QLfwo6CPlr8EYQk4qjoWNpcI65rAGeBEqoIdQ==",
      "requires": {
        "@polymer/polymer": "^3.0.0",
        "@vaadin/vaadin-control-state-mixin": "^21.0.2",
        "@vaadin/vaadin-element-mixin": "^21.0.2",
        "@vaadin/vaadin-lumo-styles": "^21.0.2",
        "@vaadin/vaadin-material-styles": "^21.0.2",
        "@vaadin/vaadin-themable-mixin": "^21.0.2"
      }
    },
    "@vaadin/vaadin-themable-mixin": {
      "version": "21.0.2",
      "resolved": "https://registry.npmjs.org/@vaadin/vaadin-themable-mixin/-/vaadin-themable-mixin-21.0.2.tgz",
      "integrity": "sha512-FofzSMRTMZWncaQUFhtyrQFXmYdmbqwu6IHvWY3boGoopXw+CoBbyuNBCJBEM0szupXrBn/QCRH5BcYzldor9A==",
      "requires": {
        "@polymer/polymer": "^3.0.0",
        "lit": "^2.0.0"
      }
    },
    "@vaadin/vaadin-time-picker": {
      "version": "21.0.2",
      "resolved": "https://registry.npmjs.org/@vaadin/vaadin-time-picker/-/vaadin-time-picker-21.0.2.tgz",
      "integrity": "sha512-GjxX+YHE1pER/fAKkTzlCHAL2OqhKeu/GveNI/VU9bcJYZ2+4ZjjiU15qzX9gc0CZRVuHsa+2QnelbtKSDhrlw==",
      "requires": {
        "@polymer/polymer": "^3.0.0",
        "@vaadin/vaadin-combo-box": "^21.0.2",
        "@vaadin/vaadin-control-state-mixin": "^21.0.2",
        "@vaadin/vaadin-element-mixin": "^21.0.2",
        "@vaadin/vaadin-lumo-styles": "^21.0.2",
        "@vaadin/vaadin-material-styles": "^21.0.2",
        "@vaadin/vaadin-text-field": "^21.0.2",
        "@vaadin/vaadin-themable-mixin": "^21.0.2"
      }
    },
    "@vaadin/vaadin-upload": {
      "version": "21.0.2",
      "resolved": "https://registry.npmjs.org/@vaadin/vaadin-upload/-/vaadin-upload-21.0.2.tgz",
      "integrity": "sha512-UKBUZek+hRYTgFR71a/GbQUT/eO7I5jZugA0I9go2oLZGLfhGMdfz3yrli/0j92wKGqSdQkr0A8ns9GCtNrRWg==",
      "requires": {
        "@polymer/polymer": "^3.0.0",
        "@vaadin/vaadin-button": "^21.0.2",
        "@vaadin/vaadin-element-mixin": "^21.0.2",
        "@vaadin/vaadin-lumo-styles": "^21.0.2",
        "@vaadin/vaadin-material-styles": "^21.0.2",
        "@vaadin/vaadin-progress-bar": "^21.0.2",
        "@vaadin/vaadin-themable-mixin": "^21.0.2"
      }
    },
    "@vaadin/vaadin-usage-statistics": {
      "version": "2.1.0",
      "resolved": "https://registry.npmjs.org/@vaadin/vaadin-usage-statistics/-/vaadin-usage-statistics-2.1.0.tgz",
      "integrity": "sha512-e81nbqY5zsaYhLJuOVkJkB/Um1pGK5POIqIlTNhUfjeoyGaJ63tiX8+D5n6F+GgVxUTLUarsKa6SKRcQel0AzA==",
      "requires": {
        "@vaadin/vaadin-development-mode-detector": "^2.0.0"
      }
    },
    "@vaadin/vaadin-virtual-list": {
      "version": "21.0.2",
      "resolved": "https://registry.npmjs.org/@vaadin/vaadin-virtual-list/-/vaadin-virtual-list-21.0.2.tgz",
      "integrity": "sha512-/+Fv84sGuNcDO2cTBjYjvnjFQjt428jp+cHW9RE4ViOGV1mRNAiMGXHtfGfeX9+9wAy/3j2K7+GLT3r3a9ex8A==",
      "requires": {
        "@polymer/polymer": "^3.0.0",
        "@vaadin/vaadin-element-mixin": "^21.0.2",
        "@vaadin/vaadin-lumo-styles": "^21.0.2",
        "@vaadin/vaadin-material-styles": "^21.0.2",
        "@vaadin/vaadin-themable-mixin": "^21.0.2"
      }
    },
    "@webcomponents/shadycss": {
      "version": "1.10.2",
      "resolved": "https://registry.npmjs.org/@webcomponents/shadycss/-/shadycss-1.10.2.tgz",
      "integrity": "sha512-9Iseu8bRtecb0klvv+WXZOVZatsRkbaH7M97Z+f+Pt909R4lDfgUODAnra23DOZTpeMTAkVpf4m/FZztN7Ox1A=="
    },
    "cookieconsent": {
      "version": "3.1.1",
      "resolved": "https://registry.npmjs.org/cookieconsent/-/cookieconsent-3.1.1.tgz",
      "integrity": "sha512-v8JWLJcI7Zs9NWrs8hiVldVtm3EBF70TJI231vxn6YToBGj0c9dvdnYwltydkAnrbBMOM/qX1xLFrnTfm5wTag=="
    },
    "highcharts": {
      "version": "8.1.2",
      "resolved": "https://registry.npmjs.org/highcharts/-/highcharts-8.1.2.tgz",
      "integrity": "sha512-Q124Lj+2+bVY2MKMd7d8uSVAmhZVzWgknUUzUBEC27S94dCyK6PBgahuwiMP/ET4w7qSFBBi4OC77ZUb0Vnuyg=="
    },
    "lit": {
      "version": "2.0.0",
      "resolved": "https://registry.npmjs.org/lit/-/lit-2.0.0.tgz",
      "integrity": "sha512-pqi5O/wVzQ9Bn4ERRoYQlt1EAUWyY5Wv888vzpoArbtChc+zfUv1XohRqSdtQZYCogl0eHKd+MQwymg2XJfECg==",
      "requires": {
        "@lit/reactive-element": "^1.0.0",
        "lit-element": "^3.0.0",
        "lit-html": "^2.0.0"
      }
    },
    "lit-element": {
      "version": "3.0.0",
      "resolved": "https://registry.npmjs.org/lit-element/-/lit-element-3.0.0.tgz",
      "integrity": "sha512-oPqRhhBBhs+AlI62QLwtWQNU/bNK/h2L1jI3IDroqZubo6XVAkyNy2dW3CRfjij8mrNlY7wULOfyyKKOnfEePA==",
      "requires": {
        "@lit/reactive-element": "^1.0.0",
        "lit-html": "^2.0.0"
      }
    },
    "lit-html": {
      "version": "2.0.0",
      "resolved": "https://registry.npmjs.org/lit-html/-/lit-html-2.0.0.tgz",
      "integrity": "sha512-tJsCapCmc0vtLj6harqd6HfCxnlt/RSkgowtz4SC9dFE3nSL38Tb33I5HMDiyJsRjQZRTgpVsahrnDrR9wg27w==",
      "requires": {
        "@types/trusted-types": "^2.0.2"
      }
    },
    "path-to-regexp": {
      "version": "2.4.0",
      "resolved": "https://registry.npmjs.org/path-to-regexp/-/path-to-regexp-2.4.0.tgz",
      "integrity": "sha512-G6zHoVqC6GGTQkZwF4lkuEyMbVOjoBKAEybQUypI1WTkqinCOrq2x6U2+phkJ1XsEMTy4LjtwPI7HW+NVrRR2w=="
    }
  }
}
