{
  "name": "@vaadin/vaadin-shrinkwrap",
  "version": "21.0.0-alpha8",
  "lockfileVersion": 1,
  "requires": true,
  "dependencies": {
    "@lit/reactive-element": {
      "version": "1.0.0-rc.2",
      "resolved": "https://registry.npmjs.org/@lit/reactive-element/-/reactive-element-1.0.0-rc.2.tgz",
      "integrity": "sha512-cujeIl5Ei8FC7UHf4/4Q3bRJOtdTe1vpJV/JEBYCggedmQ+2P8A2oz7eE+Vxi6OJ4nc0X+KZxXnBoH4QrEbmEQ=="
    },
    "@polymer/iron-a11y-announcer": {
      "version": "3.0.2",
      "resolved": "https://registry.npmjs.org/@polymer/iron-a11y-announcer/-/iron-a11y-announcer-3.0.2.tgz",
      "integrity": "sha512-LqnMF39mXyxSSRbTHRzGbcJS8nU0NVTo2raBOgOlpxw5yfGJUVcwaTJ/qy5NtWCZLRfa4suycf0oAkuUjHTXHQ==",
      "requires": {
        "@polymer/polymer": "^3.0.0"
      }
    },
    "@polymer/iron-a11y-keys-behavior": {
      "version": "3.0.1",
      "resolved": "https://registry.npmjs.org/@polymer/iron-a11y-keys-behavior/-/iron-a11y-keys-behavior-3.0.1.tgz",
      "integrity": "sha512-lnrjKq3ysbBPT/74l0Fj0U9H9C35Tpw2C/tpJ8a+5g8Y3YJs1WSZYnEl1yOkw6sEyaxOq/1DkzH0+60gGu5/PQ==",
      "requires": {
        "@polymer/polymer": "^3.0.0"
      }
    },
    "@polymer/iron-fit-behavior": {
      "version": "3.0.2",
      "resolved": "https://registry.npmjs.org/@polymer/iron-fit-behavior/-/iron-fit-behavior-3.0.2.tgz",
      "integrity": "sha512-JndryJYbBR3gSN5IlST4rCHsd01+OyvYpRO6z5Zd3C6u5V/m07TwAtcf3aXwZ8WBNt2eLG28OcvdSO7XR2v2pg==",
      "requires": {
        "@polymer/polymer": "^3.0.0"
      }
    },
    "@polymer/iron-flex-layout": {
      "version": "3.0.1",
      "resolved": "https://registry.npmjs.org/@polymer/iron-flex-layout/-/iron-flex-layout-3.0.1.tgz",
      "integrity": "sha512-7gB869czArF+HZcPTVSgvA7tXYFze9EKckvM95NB7SqYF+NnsQyhoXgKnpFwGyo95lUjUW9TFDLUwDXnCYFtkw==",
      "requires": {
        "@polymer/polymer": "^3.0.0"
      }
    },
    "@polymer/iron-icon": {
      "version": "3.0.1",
      "resolved": "https://registry.npmjs.org/@polymer/iron-icon/-/iron-icon-3.0.1.tgz",
      "integrity": "sha512-QLPwirk+UPZNaLnMew9VludXA4CWUCenRewgEcGYwdzVgDPCDbXxy6vRJjmweZobMQv/oVLppT2JZtJFnPxX6g==",
      "requires": {
        "@polymer/iron-flex-layout": "^3.0.0-pre.26",
        "@polymer/iron-meta": "^3.0.0-pre.26",
        "@polymer/polymer": "^3.0.0"
      }
    },
    "@polymer/iron-iconset-svg": {
      "version": "3.0.1",
      "resolved": "https://registry.npmjs.org/@polymer/iron-iconset-svg/-/iron-iconset-svg-3.0.1.tgz",
      "integrity": "sha512-XNwURbNHRw6u2fJe05O5fMYye6GSgDlDqCO+q6K1zAnKIrpgZwf2vTkBd5uCcZwsN0FyCB3mvNZx4jkh85dRDw==",
      "requires": {
        "@polymer/iron-meta": "^3.0.0-pre.26",
        "@polymer/polymer": "^3.0.0"
      }
    },
    "@polymer/iron-list": {
      "version": "3.1.0",
      "resolved": "https://registry.npmjs.org/@polymer/iron-list/-/iron-list-3.1.0.tgz",
      "integrity": "sha512-Eiv6xd3h3oPmn8SXFntXVfC3ZnegH+KHAxiKLKcOASFSRY3mHnr2AdcnExUJ9ItoCMA5UzKaM/0U22eWzGERtA==",
      "requires": {
        "@polymer/iron-a11y-keys-behavior": "^3.0.0-pre.26",
        "@polymer/iron-resizable-behavior": "^3.0.0-pre.26",
        "@polymer/iron-scroll-target-behavior": "^3.0.0-pre.26",
        "@polymer/polymer": "^3.0.0"
      }
    },
    "@polymer/iron-media-query": {
      "version": "3.0.1",
      "resolved": "https://registry.npmjs.org/@polymer/iron-media-query/-/iron-media-query-3.0.1.tgz",
      "integrity": "sha512-czUX1pm1zfmfcZtq5J57XFkcobBv08Y50exp0/3v8Bos5VL/jv2tU0RwiTfDBxUMhjicGbgwEBFQPY2V5DMzyw==",
      "requires": {
        "@polymer/polymer": "^3.0.0"
      }
    },
    "@polymer/iron-meta": {
      "version": "3.0.1",
      "resolved": "https://registry.npmjs.org/@polymer/iron-meta/-/iron-meta-3.0.1.tgz",
      "integrity": "sha512-pWguPugiLYmWFV9UWxLWzZ6gm4wBwQdDy4VULKwdHCqR7OP7u98h+XDdGZsSlDPv6qoryV/e3tGHlTIT0mbzJA==",
      "requires": {
        "@polymer/polymer": "^3.0.0"
      }
    },
    "@polymer/iron-overlay-behavior": {
      "version": "3.0.3",
      "resolved": "https://registry.npmjs.org/@polymer/iron-overlay-behavior/-/iron-overlay-behavior-3.0.3.tgz",
      "integrity": "sha512-Q/Fp0+uOQQ145ebZ7T8Cxl4m1tUKYjyymkjcL2rXUm+aDQGb1wA1M1LYxUF5YBqd+9lipE0PTIiYwA2ZL/sznA==",
      "requires": {
        "@polymer/iron-a11y-keys-behavior": "^3.0.0-pre.26",
        "@polymer/iron-fit-behavior": "^3.0.0-pre.26",
        "@polymer/iron-resizable-behavior": "^3.0.0-pre.26",
        "@polymer/polymer": "^3.0.0"
      }
    },
    "@polymer/iron-resizable-behavior": {
      "version": "3.0.1",
      "resolved": "https://registry.npmjs.org/@polymer/iron-resizable-behavior/-/iron-resizable-behavior-3.0.1.tgz",
      "integrity": "sha512-FyHxRxFspVoRaeZSWpT3y0C9awomb4tXXolIJcZ7RvXhMP632V5lez+ch5G5SwK0LpnAPkg35eB0LPMFv+YMMQ==",
      "requires": {
        "@polymer/polymer": "^3.0.0"
      }
    },
    "@polymer/iron-scroll-target-behavior": {
      "version": "3.0.1",
      "resolved": "https://registry.npmjs.org/@polymer/iron-scroll-target-behavior/-/iron-scroll-target-behavior-3.0.1.tgz",
      "integrity": "sha512-xg1WanG25BIkQE8rhuReqY9zx1K5M7F+YAIYpswEp5eyDIaZ1Y3vUmVeQ3KG+hiSugzI1M752azXN7kvyhOBcQ==",
      "requires": {
        "@polymer/polymer": "^3.0.0"
      }
    },
    "@polymer/polymer": {
      "version": "3.1.0",
      "resolved": "https://registry.npmjs.org/@polymer/polymer/-/polymer-3.1.0.tgz",
      "integrity": "sha512-hwN8IMERsFATz/9dSMxYHL+84J9uBkPuuarxJWlTsppZ4CAYTZKnepBfNrKoyNsafBmA3yXBiiKPPf+fJtza7A==",
      "requires": {
        "@webcomponents/shadycss": "^1.5.2"
      }
    },
    "@types/trusted-types": {
      "version": "1.0.6",
      "resolved": "https://registry.npmjs.org/@types/trusted-types/-/trusted-types-1.0.6.tgz",
      "integrity": "sha512-230RC8sFeHoT6sSUlRO6a8cAnclO06eeiq1QDfiv2FGCLWFvvERWgwIQD4FWqD9A69BN7Lzee4OXwoMVnnsWDw=="
    },
    "@vaadin/router": {
      "version": "1.7.4",
      "resolved": "https://registry.npmjs.org/@vaadin/router/-/router-1.7.4.tgz",
      "integrity": "sha512-B4JVtzFVUMlsjuJHNXEMfNZrM4QDrdeOMc6EEigiHYxwF82py6yDdP6SWP0aPoP3f6aQHt51tLWdXSpkKpWf7A==",
      "requires": {
        "@vaadin/vaadin-usage-statistics": "^2.1.0",
        "path-to-regexp": "2.4.0"
      }
    },
    "@vaadin/vaadin-accordion": {
      "version": "21.0.0-alpha8",
      "resolved": "https://registry.npmjs.org/@vaadin/vaadin-accordion/-/vaadin-accordion-21.0.0-alpha8.tgz",
      "integrity": "sha512-qCHk5YpViYquXKcxrQmsQvGjcpZ5GiCI0Hb6SU31BAQDDKUdbjkWDvPiMgcOVhSFjwyDBcmSHvzd76+uYz9uZw==",
      "requires": {
        "@polymer/polymer": "^3.0.0",
        "@vaadin/vaadin-details": "^21.0.0-alpha8",
        "@vaadin/vaadin-element-mixin": "^21.0.0-alpha8",
        "@vaadin/vaadin-lumo-styles": "^21.0.0-alpha8",
        "@vaadin/vaadin-material-styles": "^21.0.0-alpha8",
        "@vaadin/vaadin-themable-mixin": "^21.0.0-alpha8"
      }
    },
    "@vaadin/vaadin-app-layout": {
      "version": "21.0.0-alpha8",
      "resolved": "https://registry.npmjs.org/@vaadin/vaadin-app-layout/-/vaadin-app-layout-21.0.0-alpha8.tgz",
      "integrity": "sha512-cBi1a6Y2BxlOsUFHap22zrvlyv1sGkmLqeMfGd7/NLx8TbB+qR9aPy+tDrmXb4fhY7P08sdMJQcu/0kO1EC4Yg==",
      "requires": {
        "@polymer/iron-resizable-behavior": "^3.0.0",
        "@polymer/polymer": "^3.0.0",
        "@vaadin/vaadin-button": "^21.0.0-alpha8",
        "@vaadin/vaadin-element-mixin": "^21.0.0-alpha8",
        "@vaadin/vaadin-lumo-styles": "^21.0.0-alpha8",
        "@vaadin/vaadin-material-styles": "^21.0.0-alpha8",
        "@vaadin/vaadin-themable-mixin": "^21.0.0-alpha8"
      }
    },
    "@vaadin/vaadin-avatar": {
      "version": "21.0.0-alpha8",
      "resolved": "https://registry.npmjs.org/@vaadin/vaadin-avatar/-/vaadin-avatar-21.0.0-alpha8.tgz",
      "integrity": "sha512-gCeiEVE+xiupYjZjmgTTJxdZ9ciZpfkjyYL4tGHfX6SrAvagdCZUpVw+FGp3kx+/oE3bFltgY2MXZjGc357Trg==",
      "requires": {
        "@polymer/iron-a11y-announcer": "^3.0.0",
        "@polymer/iron-resizable-behavior": "^3.0.0",
        "@polymer/polymer": "^3.0.0",
        "@vaadin/vaadin-element-mixin": "^21.0.0-alpha8",
        "@vaadin/vaadin-item": "^21.0.0-alpha8",
        "@vaadin/vaadin-list-box": "^21.0.0-alpha8",
        "@vaadin/vaadin-lumo-styles": "^21.0.0-alpha8",
        "@vaadin/vaadin-material-styles": "^21.0.0-alpha8",
        "@vaadin/vaadin-overlay": "^21.0.0-alpha8",
        "@vaadin/vaadin-themable-mixin": "^21.0.0-alpha8"
      }
    },
    "@vaadin/vaadin-board": {
      "version": "21.0.0-alpha8",
      "resolved": "https://registry.npmjs.org/@vaadin/vaadin-board/-/vaadin-board-21.0.0-alpha8.tgz",
      "integrity": "sha512-ViYFIZC00UTf5MdnkU5BNpNYls5XCQfNxsByHxmQkir89MUEwx8G5tCeb/ofyCF8vICx6x5OcAf+QS4bwM7Euw==",
      "requires": {
        "@polymer/iron-resizable-behavior": "^3.0.0",
        "@polymer/polymer": "^3.0.0",
        "@vaadin/vaadin-element-mixin": "^21.0.0-alpha8",
        "@vaadin/vaadin-license-checker": "^2.1.0"
      }
    },
    "@vaadin/vaadin-button": {
      "version": "21.0.0-alpha8",
      "resolved": "https://registry.npmjs.org/@vaadin/vaadin-button/-/vaadin-button-21.0.0-alpha8.tgz",
      "integrity": "sha512-g6QdIlgNIYffE5VTyhPwKZiRlMEjWAUQuF4XXfxCuIcYrvAxroDjLUZi3v9ajURaxIA3GjmCQBWRJYzG/Oz0gw==",
      "requires": {
        "@polymer/polymer": "^3.0.0",
        "@vaadin/vaadin-control-state-mixin": "^21.0.0-alpha8",
        "@vaadin/vaadin-element-mixin": "^21.0.0-alpha8",
        "@vaadin/vaadin-lumo-styles": "^21.0.0-alpha8",
        "@vaadin/vaadin-material-styles": "^21.0.0-alpha8",
        "@vaadin/vaadin-themable-mixin": "^21.0.0-alpha8"
      }
    },
    "@vaadin/vaadin-charts": {
      "version": "21.0.0-alpha8",
      "resolved": "https://registry.npmjs.org/@vaadin/vaadin-charts/-/vaadin-charts-21.0.0-alpha8.tgz",
      "integrity": "sha512-rM4iORWMsVEQviMSnjQqYkdQ3m7/pWvocudzZTH1PKfUKY0beq3JQy6ZvmAus+pl4A86uLl1n6zCkbhy+xWAhQ==",
      "requires": {
        "@polymer/polymer": "^3.0.0",
        "@vaadin/vaadin-element-mixin": "^21.0.0-alpha8",
        "@vaadin/vaadin-license-checker": "^2.1.0",
        "@vaadin/vaadin-themable-mixin": "^21.0.0-alpha8",
        "highcharts": "8.1.2"
      }
    },
    "@vaadin/vaadin-checkbox": {
      "version": "21.0.0-alpha8",
      "resolved": "https://registry.npmjs.org/@vaadin/vaadin-checkbox/-/vaadin-checkbox-21.0.0-alpha8.tgz",
      "integrity": "sha512-2cP6J66bMPlAWsDHFPVOSTRfpKr60VS0ascCIHzEL+n6EMqH2boAxQvAOmwWYXxs85utQo3FvWLyiodEZSYyPQ==",
      "requires": {
        "@polymer/polymer": "^3.0.0",
        "@vaadin/vaadin-control-state-mixin": "^21.0.0-alpha8",
        "@vaadin/vaadin-element-mixin": "^21.0.0-alpha8",
        "@vaadin/vaadin-lumo-styles": "^21.0.0-alpha8",
        "@vaadin/vaadin-material-styles": "^21.0.0-alpha8",
        "@vaadin/vaadin-themable-mixin": "^21.0.0-alpha8"
      }
    },
    "@vaadin/vaadin-combo-box": {
      "version": "21.0.0-alpha8",
      "resolved": "https://registry.npmjs.org/@vaadin/vaadin-combo-box/-/vaadin-combo-box-21.0.0-alpha8.tgz",
      "integrity": "sha512-byFmISqj+2Ktc3QsDZItnAT2P+rA8pdLT/WRjP+BngisRqKLmj8EvFhFhbfDdw4qHUBRWGi1t3t2DY1B5CE6yA==",
      "requires": {
        "@polymer/iron-a11y-announcer": "^3.0.0",
        "@polymer/iron-list": "^3.0.0",
        "@polymer/iron-resizable-behavior": "^3.0.0",
        "@polymer/polymer": "^3.0.0",
        "@vaadin/vaadin-control-state-mixin": "^21.0.0-alpha8",
        "@vaadin/vaadin-element-mixin": "^21.0.0-alpha8",
        "@vaadin/vaadin-item": "^21.0.0-alpha8",
        "@vaadin/vaadin-lumo-styles": "^21.0.0-alpha8",
        "@vaadin/vaadin-material-styles": "^21.0.0-alpha8",
        "@vaadin/vaadin-overlay": "^21.0.0-alpha8",
        "@vaadin/vaadin-text-field": "^21.0.0-alpha8",
        "@vaadin/vaadin-themable-mixin": "^21.0.0-alpha8"
      }
    },
    "@vaadin/vaadin-confirm-dialog": {
      "version": "21.0.0-alpha8",
      "resolved": "https://registry.npmjs.org/@vaadin/vaadin-confirm-dialog/-/vaadin-confirm-dialog-21.0.0-alpha8.tgz",
      "integrity": "sha512-sTc+jpAmrkxzWCZVpCI3CjpuI9eD3gqOlL1vD3S82ALibsqAI1hV1PlUo22OQ21yhBti+gLA3VwG1y+lMSXSDA==",
      "requires": {
        "@polymer/polymer": "^3.0.0",
        "@vaadin/vaadin-button": "^21.0.0-alpha8",
        "@vaadin/vaadin-dialog": "^21.0.0-alpha8",
        "@vaadin/vaadin-element-mixin": "^21.0.0-alpha8",
        "@vaadin/vaadin-license-checker": "^2.1.0",
        "@vaadin/vaadin-lumo-styles": "^21.0.0-alpha8",
        "@vaadin/vaadin-material-styles": "^21.0.0-alpha8",
        "@vaadin/vaadin-overlay": "^21.0.0-alpha8",
        "@vaadin/vaadin-themable-mixin": "^21.0.0-alpha8"
      }
    },
    "@vaadin/vaadin-context-menu": {
      "version": "21.0.0-alpha8",
      "resolved": "https://registry.npmjs.org/@vaadin/vaadin-context-menu/-/vaadin-context-menu-21.0.0-alpha8.tgz",
      "integrity": "sha512-ys8vZSoyo/cBIpqbXvaW78NSXmFkwi3mf3pp92k6sciLVoyvP932mYrdZI4sfB9nDNmmHOOfZiiiGJEW8IzeaQ==",
      "requires": {
        "@polymer/iron-media-query": "^3.0.0",
        "@polymer/polymer": "^3.0.0",
        "@vaadin/vaadin-element-mixin": "^21.0.0-alpha8",
        "@vaadin/vaadin-item": "^21.0.0-alpha8",
        "@vaadin/vaadin-list-box": "^21.0.0-alpha8",
        "@vaadin/vaadin-lumo-styles": "^21.0.0-alpha8",
        "@vaadin/vaadin-material-styles": "^21.0.0-alpha8",
        "@vaadin/vaadin-overlay": "^21.0.0-alpha8",
        "@vaadin/vaadin-themable-mixin": "^21.0.0-alpha8"
      }
    },
    "@vaadin/vaadin-control-state-mixin": {
      "version": "21.0.0-alpha8",
      "resolved": "https://registry.npmjs.org/@vaadin/vaadin-control-state-mixin/-/vaadin-control-state-mixin-21.0.0-alpha8.tgz",
      "integrity": "sha512-5LIS90xPxJlwfhXkuI8tNUs27oQ5pB/0zROzr/ucdBFDJLXeMH98r/dKR+W7/WBsGU6T0pe4ziZu7pCFyAaVLQ==",
      "requires": {
        "@polymer/polymer": "^3.0.0"
      }
    },
    "@vaadin/vaadin-cookie-consent": {
      "version": "21.0.0-alpha8",
      "resolved": "https://registry.npmjs.org/@vaadin/vaadin-cookie-consent/-/vaadin-cookie-consent-21.0.0-alpha8.tgz",
      "integrity": "sha512-2ED94L00EuaPtGS0sJWmUggxLD3EmU5hwxOXsTwkaDrXJG0SIx6os1ZZJJzFeXb/XKaBUXdP32FX1Mh7lzrQ6g==",
      "requires": {
        "@polymer/polymer": "^3.0.0",
        "@vaadin/vaadin-element-mixin": "^21.0.0-alpha8",
        "@vaadin/vaadin-license-checker": "^2.1.0",
        "@vaadin/vaadin-lumo-styles": "^21.0.0-alpha8",
        "@vaadin/vaadin-material-styles": "^21.0.0-alpha8",
        "cookieconsent": "^3.0.6"
      }
    },
    "@vaadin/vaadin-crud": {
      "version": "21.0.0-alpha8",
      "resolved": "https://registry.npmjs.org/@vaadin/vaadin-crud/-/vaadin-crud-21.0.0-alpha8.tgz",
      "integrity": "sha512-zBrfmoVdON3sux0KBO1SIVMhiacaFya2p061DoGRoGayYuxgL99xYygL/MPot/4f2D2Iidv/56ZbRnXAVub9VA==",
      "requires": {
        "@polymer/iron-media-query": "^3.0.0",
        "@polymer/polymer": "^3.0.0",
        "@vaadin/vaadin-button": "^21.0.0-alpha8",
        "@vaadin/vaadin-confirm-dialog": "^21.0.0-alpha8",
        "@vaadin/vaadin-dialog": "^21.0.0-alpha8",
        "@vaadin/vaadin-element-mixin": "^21.0.0-alpha8",
        "@vaadin/vaadin-form-layout": "^21.0.0-alpha8",
        "@vaadin/vaadin-grid": "^21.0.0-alpha8",
        "@vaadin/vaadin-license-checker": "^2.1.0",
        "@vaadin/vaadin-lumo-styles": "^21.0.0-alpha8",
        "@vaadin/vaadin-material-styles": "^21.0.0-alpha8",
        "@vaadin/vaadin-text-field": "^21.0.0-alpha8",
        "@vaadin/vaadin-themable-mixin": "^21.0.0-alpha8"
      }
    },
    "@vaadin/vaadin-custom-field": {
      "version": "21.0.0-alpha8",
      "resolved": "https://registry.npmjs.org/@vaadin/vaadin-custom-field/-/vaadin-custom-field-21.0.0-alpha8.tgz",
      "integrity": "sha512-SvqK5dfA1QGRwdtkq49INVfJOAaXgLtgoaP9hUeN5syugcUlvs2nr9yIi7pnnrarIPWc2Vbv0m1usUYJYXbkSg==",
      "requires": {
        "@polymer/polymer": "^3.0.0",
        "@vaadin/vaadin-element-mixin": "^21.0.0-alpha8",
        "@vaadin/vaadin-lumo-styles": "^21.0.0-alpha8",
        "@vaadin/vaadin-material-styles": "^21.0.0-alpha8",
        "@vaadin/vaadin-themable-mixin": "^21.0.0-alpha8"
      }
    },
    "@vaadin/vaadin-date-picker": {
      "version": "21.0.0-alpha8",
      "resolved": "https://registry.npmjs.org/@vaadin/vaadin-date-picker/-/vaadin-date-picker-21.0.0-alpha8.tgz",
      "integrity": "sha512-2rLGE0aBOcpoPlR3R6x2dDCkR5XkYbZcKpVsetYlL7uAcYICLoTHV3vMYjdGDrzdH+gM1V0qtil0LssmpQlksQ==",
      "requires": {
        "@polymer/iron-a11y-announcer": "^3.0.0",
        "@polymer/iron-a11y-keys-behavior": "^3.0.0",
        "@polymer/iron-media-query": "^3.0.0",
        "@polymer/iron-resizable-behavior": "^3.0.0",
        "@polymer/polymer": "^3.2.0",
        "@vaadin/vaadin-button": "^21.0.0-alpha8",
        "@vaadin/vaadin-control-state-mixin": "^21.0.0-alpha8",
        "@vaadin/vaadin-element-mixin": "^21.0.0-alpha8",
        "@vaadin/vaadin-lumo-styles": "^21.0.0-alpha8",
        "@vaadin/vaadin-material-styles": "^21.0.0-alpha8",
        "@vaadin/vaadin-overlay": "^21.0.0-alpha8",
        "@vaadin/vaadin-text-field": "^21.0.0-alpha8",
        "@vaadin/vaadin-themable-mixin": "^21.0.0-alpha8"
      },
      "dependencies": {
        "@polymer/polymer": {
          "version": "3.4.1",
          "resolved": "https://registry.npmjs.org/@polymer/polymer/-/polymer-3.4.1.tgz",
          "integrity": "sha512-KPWnhDZibtqKrUz7enIPOiO4ZQoJNOuLwqrhV2MXzIt3VVnUVJVG5ORz4Z2sgO+UZ+/UZnPD0jqY+jmw/+a9mQ==",
          "requires": {
            "@webcomponents/shadycss": "^1.9.1"
          }
        }
      }
    },
    "@vaadin/vaadin-date-time-picker": {
      "version": "21.0.0-alpha8",
      "resolved": "https://registry.npmjs.org/@vaadin/vaadin-date-time-picker/-/vaadin-date-time-picker-21.0.0-alpha8.tgz",
      "integrity": "sha512-mq4gyyj7l3V6Obevf9TrQNJpy+CPYACtuEb5UOs0LkMfCnUIx0Yv0JTrq7jfEmz3MRCnrMgxr8f7imIxtuCqjA==",
      "requires": {
        "@polymer/polymer": "^3.0.0",
        "@vaadin/vaadin-custom-field": "^21.0.0-alpha8",
        "@vaadin/vaadin-date-picker": "^21.0.0-alpha8",
        "@vaadin/vaadin-element-mixin": "^21.0.0-alpha8",
        "@vaadin/vaadin-lumo-styles": "^21.0.0-alpha8",
        "@vaadin/vaadin-material-styles": "^21.0.0-alpha8",
        "@vaadin/vaadin-themable-mixin": "^21.0.0-alpha8",
        "@vaadin/vaadin-time-picker": "^21.0.0-alpha8"
      }
    },
    "@vaadin/vaadin-details": {
      "version": "21.0.0-alpha8",
      "resolved": "https://registry.npmjs.org/@vaadin/vaadin-details/-/vaadin-details-21.0.0-alpha8.tgz",
      "integrity": "sha512-OqMzZ5ivaXDxpVzGCEQAeqfzI6957vd9Ck3SSNkWx3knyLhu24AkPa9MWGeUp/Dg/BYLn97dhlshZQ0SQKKPTg==",
      "requires": {
        "@polymer/polymer": "^3.0.0",
        "@vaadin/vaadin-control-state-mixin": "^21.0.0-alpha8",
        "@vaadin/vaadin-element-mixin": "^21.0.0-alpha8",
        "@vaadin/vaadin-lumo-styles": "^21.0.0-alpha8",
        "@vaadin/vaadin-material-styles": "^21.0.0-alpha8",
        "@vaadin/vaadin-themable-mixin": "^21.0.0-alpha8"
      }
    },
    "@vaadin/vaadin-development-mode-detector": {
      "version": "2.0.4",
      "resolved": "https://registry.npmjs.org/@vaadin/vaadin-development-mode-detector/-/vaadin-development-mode-detector-2.0.4.tgz",
      "integrity": "sha512-S+PaFrZpK8uBIOnIHxjntTrgumd5ztuCnZww96ydGKXgo9whXfZsbMwDuD/102a/IuPUMyF+dh/n3PbWzJ6igA=="
    },
    "@vaadin/vaadin-dialog": {
      "version": "21.0.0-alpha8",
      "resolved": "https://registry.npmjs.org/@vaadin/vaadin-dialog/-/vaadin-dialog-21.0.0-alpha8.tgz",
      "integrity": "sha512-YorLGFZopyhosTMkxVH1GkyDTuRyAU1XRFSWSNKAJbkFfzmyPpb15hpudFOkRXhRxL61iRNmvvA8i7ymXOsmmA==",
      "requires": {
        "@polymer/iron-resizable-behavior": "^3.0.0",
        "@polymer/polymer": "^3.0.0",
        "@vaadin/vaadin-element-mixin": "^21.0.0-alpha8",
        "@vaadin/vaadin-lumo-styles": "^21.0.0-alpha8",
        "@vaadin/vaadin-material-styles": "^21.0.0-alpha8",
        "@vaadin/vaadin-overlay": "^21.0.0-alpha8",
        "@vaadin/vaadin-themable-mixin": "^21.0.0-alpha8"
      }
    },
    "@vaadin/vaadin-element-mixin": {
      "version": "21.0.0-alpha8",
      "resolved": "https://registry.npmjs.org/@vaadin/vaadin-element-mixin/-/vaadin-element-mixin-21.0.0-alpha8.tgz",
      "integrity": "sha512-65/FIxWYaabYbXGjUoKYAEZBhtdeVSysl1/ON7typHFPrQhYmJVvLD/THf2K5P+R40YYnKf/g5SiYrLuHot7aQ==",
      "requires": {
        "@polymer/polymer": "^3.0.0",
        "@vaadin/vaadin-development-mode-detector": "^2.0.0",
        "@vaadin/vaadin-usage-statistics": "^2.1.0"
      }
    },
    "@vaadin/vaadin-form-layout": {
      "version": "21.0.0-alpha8",
      "resolved": "https://registry.npmjs.org/@vaadin/vaadin-form-layout/-/vaadin-form-layout-21.0.0-alpha8.tgz",
      "integrity": "sha512-c1PO+G3xl33JahqAlgwnionkIj8YYvjjazCwUys0njXSQvI/VngA5QUFmYqv3syzSigR8kZKDW0T36rjZqo7/g==",
      "requires": {
        "@polymer/iron-resizable-behavior": "^3.0.0",
        "@polymer/polymer": "^3.0.0",
        "@vaadin/vaadin-element-mixin": "^21.0.0-alpha8",
        "@vaadin/vaadin-lumo-styles": "^21.0.0-alpha8",
        "@vaadin/vaadin-material-styles": "^21.0.0-alpha8",
        "@vaadin/vaadin-themable-mixin": "^21.0.0-alpha8"
      }
    },
    "@vaadin/vaadin-grid": {
      "version": "21.0.0-alpha8",
      "resolved": "https://registry.npmjs.org/@vaadin/vaadin-grid/-/vaadin-grid-21.0.0-alpha8.tgz",
      "integrity": "sha512-u0yPWQSdn02waZlcu/f7cfhFKkoHj8Ge3/LUjQtIq2N3Yo7BxmW7GMWM8zMSZaDEqjRow7T8VAtGKPmfd2avUw==",
      "requires": {
        "@polymer/polymer": "^3.0.0",
        "@vaadin/vaadin-checkbox": "^21.0.0-alpha8",
        "@vaadin/vaadin-element-mixin": "^21.0.0-alpha8",
        "@vaadin/vaadin-lumo-styles": "^21.0.0-alpha8",
        "@vaadin/vaadin-material-styles": "^21.0.0-alpha8",
        "@vaadin/vaadin-text-field": "^21.0.0-alpha8",
        "@vaadin/vaadin-themable-mixin": "^21.0.0-alpha8",
        "@vaadin/vaadin-virtual-list": "^21.0.0-alpha8"
      }
    },
    "@vaadin/vaadin-grid-pro": {
      "version": "21.0.0-alpha8",
      "resolved": "https://registry.npmjs.org/@vaadin/vaadin-grid-pro/-/vaadin-grid-pro-21.0.0-alpha8.tgz",
      "integrity": "sha512-Y8cSVV5HkvaF38mA+HOkYdwqlOwZbUOwNLegpvviuwYrVvW0whabhmVs3UcwPpX9eR4KLx7epCHAEWbzG+Fgkw==",
      "requires": {
        "@polymer/polymer": "^3.0.0",
        "@vaadin/vaadin-checkbox": "^21.0.0-alpha8",
        "@vaadin/vaadin-element-mixin": "^21.0.0-alpha8",
        "@vaadin/vaadin-grid": "^21.0.0-alpha8",
        "@vaadin/vaadin-item": "^21.0.0-alpha8",
        "@vaadin/vaadin-license-checker": "^2.1.0",
        "@vaadin/vaadin-list-box": "^21.0.0-alpha8",
        "@vaadin/vaadin-lumo-styles": "^21.0.0-alpha8",
        "@vaadin/vaadin-material-styles": "^21.0.0-alpha8",
        "@vaadin/vaadin-select": "^21.0.0-alpha8",
        "@vaadin/vaadin-text-field": "^21.0.0-alpha8",
        "@vaadin/vaadin-themable-mixin": "^21.0.0-alpha8"
      }
    },
    "@vaadin/vaadin-icon": {
      "version": "21.0.0-alpha8",
      "resolved": "https://registry.npmjs.org/@vaadin/vaadin-icon/-/vaadin-icon-21.0.0-alpha8.tgz",
      "integrity": "sha512-MwaJFz56apQXPqiCwVERniolDve8PjMm3N0kU9hFJ9PceF6/63QRHtnPc8I/Ix7aw9KJS5jEfRZMX54rUuECEg==",
      "requires": {
        "@polymer/polymer": "^3.0.0",
        "@vaadin/vaadin-element-mixin": "^21.0.0-alpha8",
        "@vaadin/vaadin-lumo-styles": "^21.0.0-alpha8",
        "@vaadin/vaadin-themable-mixin": "^21.0.0-alpha8",
        "lit": "^2.0.0-rc.1"
      }
    },
    "@vaadin/vaadin-icons": {
      "version": "21.0.0-alpha8",
      "resolved": "https://registry.npmjs.org/@vaadin/vaadin-icons/-/vaadin-icons-21.0.0-alpha8.tgz",
      "integrity": "sha512-3IbNWM4pjXUorrs5hqhfcIuujo/I9HBqFz8O8qe2isCdZW7NYwOZDBeRzJ36O1n6TmlYXO3dASSn7ljdOLm0qQ==",
      "requires": {
        "@polymer/iron-icon": "^3.0.0",
        "@polymer/iron-iconset-svg": "^3.0.0",
        "@polymer/polymer": "^3.0.0",
        "@vaadin/vaadin-icon": "^21.0.0-alpha8"
      }
    },
    "@vaadin/vaadin-item": {
      "version": "21.0.0-alpha8",
      "resolved": "https://registry.npmjs.org/@vaadin/vaadin-item/-/vaadin-item-21.0.0-alpha8.tgz",
      "integrity": "sha512-nOgAFc05Z8bJh9rhG4ev4LG/54CnnrPMszi+vcaqBh7ZBayaNoX+7U9Xe99pivO//iJJ8Mjs8FNvDRr+9pR60g==",
      "requires": {
        "@polymer/polymer": "^3.0.0",
        "@vaadin/vaadin-element-mixin": "^21.0.0-alpha8",
        "@vaadin/vaadin-lumo-styles": "^21.0.0-alpha8",
        "@vaadin/vaadin-material-styles": "^21.0.0-alpha8",
        "@vaadin/vaadin-themable-mixin": "^21.0.0-alpha8"
      }
    },
    "@vaadin/vaadin-license-checker": {
      "version": "2.1.2",
      "resolved": "https://registry.npmjs.org/@vaadin/vaadin-license-checker/-/vaadin-license-checker-2.1.2.tgz",
      "integrity": "sha512-oD6/MoavXyIZp6NWhkbJD5RKrpiWohhaQpgqjM0bFIthRr+1NoiG5R1w0uY3NIdMDuaXlsUFSQJ/Viz1v7F/jQ==",
      "requires": {
        "@vaadin/vaadin-development-mode-detector": "^2.0.0"
      }
    },
    "@vaadin/vaadin-list-box": {
      "version": "21.0.0-alpha8",
      "resolved": "https://registry.npmjs.org/@vaadin/vaadin-list-box/-/vaadin-list-box-21.0.0-alpha8.tgz",
      "integrity": "sha512-W0Hg8rpYtaRHNOyCX+SrtFXsVPLQG4cujTfeYMdm8a7PDxlHfvH000kiUVwrM0XdLnU72PSHKWFIQbiTjhWjWQ==",
      "requires": {
        "@polymer/polymer": "^3.0.0",
        "@vaadin/vaadin-element-mixin": "^21.0.0-alpha8",
        "@vaadin/vaadin-item": "^21.0.0-alpha8",
        "@vaadin/vaadin-list-mixin": "^21.0.0-alpha8",
        "@vaadin/vaadin-lumo-styles": "^21.0.0-alpha8",
        "@vaadin/vaadin-material-styles": "^21.0.0-alpha8",
        "@vaadin/vaadin-themable-mixin": "^21.0.0-alpha8"
      }
    },
    "@vaadin/vaadin-list-mixin": {
      "version": "21.0.0-alpha8",
      "resolved": "https://registry.npmjs.org/@vaadin/vaadin-list-mixin/-/vaadin-list-mixin-21.0.0-alpha8.tgz",
      "integrity": "sha512-s70cI8nk8Z4IJfgH0JrydFTPNoYXPJBYAr04j6boTd5LF0aVeNSKGcQBx3HHIeMqjInU1rvYQuGWODuN+Y8E8g==",
      "requires": {
        "@polymer/polymer": "^3.0.0",
        "@vaadin/vaadin-element-mixin": "^21.0.0-alpha8"
      }
    },
    "@vaadin/vaadin-login": {
      "version": "21.0.0-alpha8",
      "resolved": "https://registry.npmjs.org/@vaadin/vaadin-login/-/vaadin-login-21.0.0-alpha8.tgz",
      "integrity": "sha512-BujxxKDGTRx71PpG+fBVNWWQBaif5UqmLPDM7rnT/LCcvpt+ovtiiGp7cN6HrK6I9UbSEfBaS0Xfmk94N7qLMQ==",
      "requires": {
        "@polymer/polymer": "^3.0.0",
        "@vaadin/vaadin-button": "^21.0.0-alpha8",
        "@vaadin/vaadin-element-mixin": "^21.0.0-alpha8",
        "@vaadin/vaadin-lumo-styles": "^21.0.0-alpha8",
        "@vaadin/vaadin-material-styles": "^21.0.0-alpha8",
        "@vaadin/vaadin-overlay": "^21.0.0-alpha8",
        "@vaadin/vaadin-text-field": "^21.0.0-alpha8",
        "@vaadin/vaadin-themable-mixin": "^21.0.0-alpha8"
      }
    },
    "@vaadin/vaadin-lumo-styles": {
      "version": "21.0.0-alpha8",
      "resolved": "https://registry.npmjs.org/@vaadin/vaadin-lumo-styles/-/vaadin-lumo-styles-21.0.0-alpha8.tgz",
      "integrity": "sha512-kHeZr6Ql2Mezzpc4ZSqbWnoJ5gs2JwdKzlSNIhmmaOltCmvPmOT8V2bp6/qmcRCPF0/28akL0yBQpXopDhZclw==",
      "requires": {
        "@polymer/iron-icon": "^3.0.0",
        "@polymer/iron-iconset-svg": "^3.0.0",
        "@polymer/polymer": "^3.0.0",
        "@vaadin/vaadin-icon": "^21.0.0-alpha8",
        "@vaadin/vaadin-themable-mixin": "^21.0.0-alpha8"
      }
    },
    "@vaadin/vaadin-material-styles": {
      "version": "21.0.0-alpha8",
      "resolved": "https://registry.npmjs.org/@vaadin/vaadin-material-styles/-/vaadin-material-styles-21.0.0-alpha8.tgz",
      "integrity": "sha512-1QU4I7kbsFLaAhkXZREwHXAb8MdOTDDNsrplWbBFcuLOOhYGxhHvcxCboIgABFO9ViUGia7H2hSDzTxtzpwvHg==",
      "requires": {
        "@polymer/polymer": "^3.0.0",
        "@vaadin/vaadin-themable-mixin": "^21.0.0-alpha8"
      }
    },
    "@vaadin/vaadin-menu-bar": {
      "version": "21.0.0-alpha8",
      "resolved": "https://registry.npmjs.org/@vaadin/vaadin-menu-bar/-/vaadin-menu-bar-21.0.0-alpha8.tgz",
      "integrity": "sha512-N43Mp3hrNR6kIgX5cW6E5fRB6L5KcOM+DYYys99vzlJAuqLb8Oh5OiKsR3GmWZZ3uh+1Tg5Qnn5DqKdLvzPI0g==",
      "requires": {
        "@polymer/iron-resizable-behavior": "^3.0.0",
        "@polymer/polymer": "^3.0.0",
        "@vaadin/vaadin-button": "^21.0.0-alpha8",
        "@vaadin/vaadin-context-menu": "^21.0.0-alpha8",
        "@vaadin/vaadin-element-mixin": "^21.0.0-alpha8",
        "@vaadin/vaadin-lumo-styles": "^21.0.0-alpha8",
        "@vaadin/vaadin-material-styles": "^21.0.0-alpha8",
        "@vaadin/vaadin-themable-mixin": "^21.0.0-alpha8"
      }
    },
    "@vaadin/vaadin-messages": {
      "version": "21.0.0-alpha8",
      "resolved": "https://registry.npmjs.org/@vaadin/vaadin-messages/-/vaadin-messages-21.0.0-alpha8.tgz",
      "integrity": "sha512-+C3oC9bRAETxI262mTfggPgkZtHiRV4b3h1OKFWvTd18yBbI0D7RE/Hwol34HL9Zu0R9oZK8hrSxKoC8OJyByg==",
      "requires": {
        "@polymer/polymer": "^3.0.0",
        "@vaadin/vaadin-avatar": "^21.0.0-alpha8",
        "@vaadin/vaadin-button": "^21.0.0-alpha8",
        "@vaadin/vaadin-element-mixin": "^21.0.0-alpha8",
        "@vaadin/vaadin-lumo-styles": "^21.0.0-alpha8",
        "@vaadin/vaadin-material-styles": "^21.0.0-alpha8",
        "@vaadin/vaadin-text-field": "^21.0.0-alpha8",
        "@vaadin/vaadin-themable-mixin": "^21.0.0-alpha8"
      }
    },
    "@vaadin/vaadin-notification": {
      "version": "21.0.0-alpha8",
      "resolved": "https://registry.npmjs.org/@vaadin/vaadin-notification/-/vaadin-notification-21.0.0-alpha8.tgz",
      "integrity": "sha512-Lb8vYtxUC/m4DgenHGlxixclM65etv0Nlo8TJD84bObsC5Lz2kDax1Nn3CGynwNQMXuGhFcFfQMJd0nnNJVS6w==",
      "requires": {
        "@polymer/polymer": "^3.0.0",
        "@vaadin/vaadin-element-mixin": "^21.0.0-alpha8",
        "@vaadin/vaadin-lumo-styles": "^21.0.0-alpha8",
        "@vaadin/vaadin-material-styles": "^21.0.0-alpha8",
        "@vaadin/vaadin-themable-mixin": "^21.0.0-alpha8"
      }
    },
    "@vaadin/vaadin-ordered-layout": {
      "version": "21.0.0-alpha8",
      "resolved": "https://registry.npmjs.org/@vaadin/vaadin-ordered-layout/-/vaadin-ordered-layout-21.0.0-alpha8.tgz",
      "integrity": "sha512-yvOMVw8kKgOEhmEVDRMKstai9upWIFaN3DuOTT1Oulb/03u6v1Hzx+QhXyEz2kQyaffauoDcI/h7rJ9LMa9wNg==",
      "requires": {
        "@polymer/polymer": "^3.0.0",
        "@vaadin/vaadin-element-mixin": "^21.0.0-alpha8",
        "@vaadin/vaadin-lumo-styles": "^21.0.0-alpha8",
        "@vaadin/vaadin-material-styles": "^21.0.0-alpha8",
        "@vaadin/vaadin-themable-mixin": "^21.0.0-alpha8"
      }
    },
    "@vaadin/vaadin-overlay": {
      "version": "21.0.0-alpha8",
      "resolved": "https://registry.npmjs.org/@vaadin/vaadin-overlay/-/vaadin-overlay-21.0.0-alpha8.tgz",
      "integrity": "sha512-vBT6K1ilhEbTl/n1HfiRLU6HF0ud8wKBhPYwm7HnEhIDjb2q+yFoRzJR+60jX8f/f0Tdg/DxPjDiaei68HGuiQ==",
      "requires": {
        "@polymer/polymer": "^3.0.0",
        "@vaadin/vaadin-element-mixin": "^21.0.0-alpha8",
        "@vaadin/vaadin-lumo-styles": "^21.0.0-alpha8",
        "@vaadin/vaadin-material-styles": "^21.0.0-alpha8",
        "@vaadin/vaadin-themable-mixin": "^21.0.0-alpha8"
      }
    },
    "@vaadin/vaadin-progress-bar": {
      "version": "21.0.0-alpha8",
      "resolved": "https://registry.npmjs.org/@vaadin/vaadin-progress-bar/-/vaadin-progress-bar-21.0.0-alpha8.tgz",
      "integrity": "sha512-YE+iLZ3nor+Nc0osmPTojDzIqzhXFllo7z4JHGiaEKNvjHU6fA9baMuil2O//V0PmBfdso5SHS48gUSXYbMLrQ==",
      "requires": {
        "@polymer/polymer": "^3.0.0",
        "@vaadin/vaadin-element-mixin": "^21.0.0-alpha8",
        "@vaadin/vaadin-lumo-styles": "^21.0.0-alpha8",
        "@vaadin/vaadin-material-styles": "^21.0.0-alpha8",
        "@vaadin/vaadin-themable-mixin": "^21.0.0-alpha8"
      }
    },
    "@vaadin/vaadin-radio-button": {
      "version": "21.0.0-alpha8",
      "resolved": "https://registry.npmjs.org/@vaadin/vaadin-radio-button/-/vaadin-radio-button-21.0.0-alpha8.tgz",
      "integrity": "sha512-s/dbUX6CGUtyIzLyomF0r9vDTFBO2phoOKrnQnGXp35pNMdQv2Nxw0Cqx+C2lQXgVgQOqgEbuwwX8oue1dkOwQ==",
      "requires": {
        "@polymer/polymer": "^3.0.0",
        "@vaadin/vaadin-control-state-mixin": "^21.0.0-alpha8",
        "@vaadin/vaadin-element-mixin": "^21.0.0-alpha8",
        "@vaadin/vaadin-lumo-styles": "^21.0.0-alpha8",
        "@vaadin/vaadin-material-styles": "^21.0.0-alpha8",
        "@vaadin/vaadin-themable-mixin": "^21.0.0-alpha8"
      }
    },
    "@vaadin/vaadin-rich-text-editor": {
      "version": "21.0.0-alpha8",
      "resolved": "https://registry.npmjs.org/@vaadin/vaadin-rich-text-editor/-/vaadin-rich-text-editor-21.0.0-alpha8.tgz",
      "integrity": "sha512-o+DldW/0rj5WCEvDUvFatOu2IwrGyrPS940ARxzl6RHF9wdgGalAWLCHBd/67Iz8nGsydUhqUnvfO3J9ZfhmFA==",
      "requires": {
        "@polymer/polymer": "^3.0.0",
        "@vaadin/vaadin-button": "^21.0.0-alpha8",
        "@vaadin/vaadin-confirm-dialog": "^21.0.0-alpha8",
        "@vaadin/vaadin-element-mixin": "^21.0.0-alpha8",
        "@vaadin/vaadin-license-checker": "^2.1.0",
        "@vaadin/vaadin-lumo-styles": "^21.0.0-alpha8",
        "@vaadin/vaadin-material-styles": "^21.0.0-alpha8",
        "@vaadin/vaadin-text-field": "^21.0.0-alpha8",
        "@vaadin/vaadin-themable-mixin": "^21.0.0-alpha8"
      }
    },
    "@vaadin/vaadin-select": {
      "version": "21.0.0-alpha8",
      "resolved": "https://registry.npmjs.org/@vaadin/vaadin-select/-/vaadin-select-21.0.0-alpha8.tgz",
      "integrity": "sha512-dULVyDqE0Ol5C2F6bnMEFW2RO7jQFuRfarGfAVyqpZCoKZzBT0VlYqKErVM7rpJfUnzIsa5sTZYLkDS19EGGMg==",
      "requires": {
        "@polymer/iron-media-query": "^3.0.0",
        "@polymer/iron-resizable-behavior": "^3.0.0",
        "@polymer/polymer": "^3.2.0",
        "@vaadin/vaadin-control-state-mixin": "^21.0.0-alpha8",
        "@vaadin/vaadin-element-mixin": "^21.0.0-alpha8",
        "@vaadin/vaadin-item": "^21.0.0-alpha8",
        "@vaadin/vaadin-list-box": "^21.0.0-alpha8",
        "@vaadin/vaadin-list-mixin": "^21.0.0-alpha8",
        "@vaadin/vaadin-lumo-styles": "^21.0.0-alpha8",
        "@vaadin/vaadin-material-styles": "^21.0.0-alpha8",
        "@vaadin/vaadin-overlay": "^21.0.0-alpha8",
        "@vaadin/vaadin-text-field": "^21.0.0-alpha8",
        "@vaadin/vaadin-themable-mixin": "^21.0.0-alpha8"
      },
      "dependencies": {
        "@polymer/polymer": {
          "version": "3.4.1",
          "resolved": "https://registry.npmjs.org/@polymer/polymer/-/polymer-3.4.1.tgz",
          "integrity": "sha512-KPWnhDZibtqKrUz7enIPOiO4ZQoJNOuLwqrhV2MXzIt3VVnUVJVG5ORz4Z2sgO+UZ+/UZnPD0jqY+jmw/+a9mQ==",
          "requires": {
            "@webcomponents/shadycss": "^1.9.1"
          }
        }
      }
    },
    "@vaadin/vaadin-split-layout": {
      "version": "21.0.0-alpha8",
      "resolved": "https://registry.npmjs.org/@vaadin/vaadin-split-layout/-/vaadin-split-layout-21.0.0-alpha8.tgz",
      "integrity": "sha512-xPBoRe61yOxQWv/DN3Pa2/gqjkDARk8B2VzQMoCoMLWeyZspGUPkGWfR8q/j+RN+AH7sH3cNb+kwczFzjyiocw==",
      "requires": {
        "@polymer/iron-resizable-behavior": "^3.0.0",
        "@polymer/polymer": "^3.0.0",
        "@vaadin/vaadin-element-mixin": "^21.0.0-alpha8",
        "@vaadin/vaadin-lumo-styles": "^21.0.0-alpha8",
        "@vaadin/vaadin-material-styles": "^21.0.0-alpha8",
        "@vaadin/vaadin-themable-mixin": "^21.0.0-alpha8"
      }
    },
    "@vaadin/vaadin-tabs": {
      "version": "21.0.0-alpha8",
      "resolved": "https://registry.npmjs.org/@vaadin/vaadin-tabs/-/vaadin-tabs-21.0.0-alpha8.tgz",
      "integrity": "sha512-k5mqWLRE5PUJpmGwFipU8T2ZZ7TGBuf1HWElO1bTedeOXO8wkuNtaHAGPAlWibJWWQYLDN6oa2SuC8JRL0igmA==",
      "requires": {
        "@polymer/iron-resizable-behavior": "^3.0.0",
        "@polymer/polymer": "^3.0.0",
        "@vaadin/vaadin-element-mixin": "^21.0.0-alpha8",
        "@vaadin/vaadin-item": "^21.0.0-alpha8",
        "@vaadin/vaadin-list-mixin": "^21.0.0-alpha8",
        "@vaadin/vaadin-lumo-styles": "^21.0.0-alpha8",
        "@vaadin/vaadin-material-styles": "^21.0.0-alpha8",
        "@vaadin/vaadin-themable-mixin": "^21.0.0-alpha8"
      }
    },
    "@vaadin/vaadin-template-renderer": {
      "version": "21.0.0-alpha8",
      "resolved": "https://registry.npmjs.org/@vaadin/vaadin-template-renderer/-/vaadin-template-renderer-21.0.0-alpha8.tgz",
      "integrity": "sha512-Eby7IIHTM1JFpVXwCRld52NKyRK0R5KSVahojH1LHVEECWQMqc/XkkL1RvUN1wBET5nlHSmfl3pycloiMJWw7w==",
      "requires": {
        "@polymer/polymer": "^3.0.0"
      }
    },
    "@vaadin/vaadin-text-field": {
      "version": "21.0.0-alpha8",
      "resolved": "https://registry.npmjs.org/@vaadin/vaadin-text-field/-/vaadin-text-field-21.0.0-alpha8.tgz",
      "integrity": "sha512-3jiu6yocxDfAajK3AIpr1fZPpVGZFyIKhFkma542V9kRvxZodlhfeL4ZqQx8MtRphk790gBJ1eMLF5qfhRruCg==",
      "requires": {
        "@polymer/polymer": "^3.0.0",
        "@vaadin/vaadin-control-state-mixin": "^21.0.0-alpha8",
        "@vaadin/vaadin-element-mixin": "^21.0.0-alpha8",
        "@vaadin/vaadin-lumo-styles": "^21.0.0-alpha8",
        "@vaadin/vaadin-material-styles": "^21.0.0-alpha8",
        "@vaadin/vaadin-themable-mixin": "^21.0.0-alpha8"
      }
    },
    "@vaadin/vaadin-themable-mixin": {
      "version": "21.0.0-alpha8",
      "resolved": "https://registry.npmjs.org/@vaadin/vaadin-themable-mixin/-/vaadin-themable-mixin-21.0.0-alpha8.tgz",
      "integrity": "sha512-qvOrGDNQpy1+1yB7+IM4hjY+G6rpQ0DQhcuCcjgP7vC4V2j/8uTxQA1MfoAvaB2H6sxg2fg32wPaxAIZXSf/kw==",
      "requires": {
        "@polymer/polymer": "^3.0.0",
        "lit": "^2.0.0-rc.1"
      }
    },
    "@vaadin/vaadin-time-picker": {
      "version": "21.0.0-alpha8",
      "resolved": "https://registry.npmjs.org/@vaadin/vaadin-time-picker/-/vaadin-time-picker-21.0.0-alpha8.tgz",
      "integrity": "sha512-tblV9d4sMpL3ugwq7BIke5IGJJlBD+oAFb9ZRL8ukoFmbyexWtgV7z2wcddP6NFItd6fbbK9yMazRqIpvBwUFw==",
      "requires": {
        "@polymer/polymer": "^3.0.0",
        "@vaadin/vaadin-combo-box": "^21.0.0-alpha8",
        "@vaadin/vaadin-control-state-mixin": "^21.0.0-alpha8",
        "@vaadin/vaadin-element-mixin": "^21.0.0-alpha8",
        "@vaadin/vaadin-lumo-styles": "^21.0.0-alpha8",
        "@vaadin/vaadin-material-styles": "^21.0.0-alpha8",
        "@vaadin/vaadin-text-field": "^21.0.0-alpha8",
        "@vaadin/vaadin-themable-mixin": "^21.0.0-alpha8"
      }
    },
    "@vaadin/vaadin-upload": {
      "version": "21.0.0-alpha8",
      "resolved": "https://registry.npmjs.org/@vaadin/vaadin-upload/-/vaadin-upload-21.0.0-alpha8.tgz",
      "integrity": "sha512-5Ekqh66EPyKVA3bW1iv5p9/vivXM2SWrcvcNyVFMUGTFBqlP0jWEuR/Gt8N+SAkwRejzYIe2TgXebuDvuNYsOw==",
      "requires": {
        "@polymer/polymer": "^3.0.0",
        "@vaadin/vaadin-button": "^21.0.0-alpha8",
        "@vaadin/vaadin-element-mixin": "^21.0.0-alpha8",
        "@vaadin/vaadin-lumo-styles": "^21.0.0-alpha8",
        "@vaadin/vaadin-material-styles": "^21.0.0-alpha8",
        "@vaadin/vaadin-progress-bar": "^21.0.0-alpha8",
        "@vaadin/vaadin-themable-mixin": "^21.0.0-alpha8"
      }
    },
    "@vaadin/vaadin-usage-statistics": {
      "version": "2.1.0",
      "resolved": "https://registry.npmjs.org/@vaadin/vaadin-usage-statistics/-/vaadin-usage-statistics-2.1.0.tgz",
      "integrity": "sha512-e81nbqY5zsaYhLJuOVkJkB/Um1pGK5POIqIlTNhUfjeoyGaJ63tiX8+D5n6F+GgVxUTLUarsKa6SKRcQel0AzA==",
      "requires": {
        "@vaadin/vaadin-development-mode-detector": "^2.0.0"
      }
    },
    "@vaadin/vaadin-virtual-list": {
      "version": "21.0.0-alpha8",
      "resolved": "https://registry.npmjs.org/@vaadin/vaadin-virtual-list/-/vaadin-virtual-list-21.0.0-alpha8.tgz",
      "integrity": "sha512-ZN1p/5TdSI4uiAEIXDRYDjJVREMLv8Lgpxn8V5UdXThn/f+rIhl9dEx4jyl+sAcQKn3a9k0bZ/AsQ7WRPZKrHw==",
      "requires": {
        "@polymer/polymer": "^3.0.0",
        "@vaadin/vaadin-element-mixin": "^21.0.0-alpha8",
        "@vaadin/vaadin-lumo-styles": "^21.0.0-alpha8",
        "@vaadin/vaadin-material-styles": "^21.0.0-alpha8",
        "@vaadin/vaadin-themable-mixin": "^21.0.0-alpha8"
      }
    },
    "@webcomponents/shadycss": {
      "version": "1.10.2",
      "resolved": "https://registry.npmjs.org/@webcomponents/shadycss/-/shadycss-1.10.2.tgz",
      "integrity": "sha512-9Iseu8bRtecb0klvv+WXZOVZatsRkbaH7M97Z+f+Pt909R4lDfgUODAnra23DOZTpeMTAkVpf4m/FZztN7Ox1A=="
    },
    "cookieconsent": {
      "version": "3.1.1",
      "resolved": "https://registry.npmjs.org/cookieconsent/-/cookieconsent-3.1.1.tgz",
      "integrity": "sha512-v8JWLJcI7Zs9NWrs8hiVldVtm3EBF70TJI231vxn6YToBGj0c9dvdnYwltydkAnrbBMOM/qX1xLFrnTfm5wTag=="
    },
    "highcharts": {
      "version": "8.1.2",
      "resolved": "https://registry.npmjs.org/highcharts/-/highcharts-8.1.2.tgz",
      "integrity": "sha512-Q124Lj+2+bVY2MKMd7d8uSVAmhZVzWgknUUzUBEC27S94dCyK6PBgahuwiMP/ET4w7qSFBBi4OC77ZUb0Vnuyg=="
    },
    "lit": {
      "version": "2.0.0-rc.2",
      "resolved": "https://registry.npmjs.org/lit/-/lit-2.0.0-rc.2.tgz",
      "integrity": "sha512-BOCuoJR04WaTV8UqTKk09cNcQA10Aq2LCcBOiHuF7TzWH5RNDsbCBP5QM9sLBSotGTXbDug/gFO08jq6TbyEtw==",
      "requires": {
        "@lit/reactive-element": "^1.0.0-rc.2",
        "lit-element": "^3.0.0-rc.2",
        "lit-html": "^2.0.0-rc.3"
      }
    },
    "lit-element": {
      "version": "3.0.0-rc.2",
      "resolved": "https://registry.npmjs.org/lit-element/-/lit-element-3.0.0-rc.2.tgz",
      "integrity": "sha512-2Z7DabJ3b5K+p5073vFjMODoaWqy5PIaI4y6ADKm+fCGc8OnX9fU9dMoUEBZjFpd/bEFR9PBp050tUtBnT9XTQ==",
      "requires": {
        "@lit/reactive-element": "^1.0.0-rc.2",
        "lit-html": "^2.0.0-rc.3"
      }
    },
    "lit-html": {
      "version": "2.0.0-rc.3",
      "resolved": "https://registry.npmjs.org/lit-html/-/lit-html-2.0.0-rc.3.tgz",
      "integrity": "sha512-Y6P8LlAyQuqvzq6l/Nc4z5/P5M/rVLYKQIRxcNwSuGajK0g4kbcBFQqZmgvqKG+ak+dHZjfm2HUw9TF5N/pkCw==",
      "requires": {
        "@types/trusted-types": "^1.0.1"
      }
    },
    "path-to-regexp": {
      "version": "2.4.0",
      "resolved": "https://registry.npmjs.org/path-to-regexp/-/path-to-regexp-2.4.0.tgz",
      "integrity": "sha512-G6zHoVqC6GGTQkZwF4lkuEyMbVOjoBKAEybQUypI1WTkqinCOrq2x6U2+phkJ1XsEMTy4LjtwPI7HW+NVrRR2w=="
    }
  }
}
